// !$*UTF8*$!
{
	archiveVersion = 1;
	classes = {
	};
	objectVersion = 46;
	objects = {

/* Begin PBXBuildFile section */
		040FDBFE1C90523A00935EBF /* XNLoginController.m in Sources */ = {isa = PBXBuildFile; fileRef = 040FDBFD1C90523A00935EBF /* XNLoginController.m */; };
		041173141C925CE7009AC6F9 /* NSString+XNTool.m in Sources */ = {isa = PBXBuildFile; fileRef = 041173131C925CE7009AC6F9 /* NSString+XNTool.m */; };
		0417F5F91C8DCF430071A6F0 /* XNMessage.m in Sources */ = {isa = PBXBuildFile; fileRef = 0417F5F81C8DCF430071A6F0 /* XNMessage.m */; };
		0417F5FC1C8DCF680071A6F0 /* XNMessageCell.m in Sources */ = {isa = PBXBuildFile; fileRef = 0417F5FB1C8DCF680071A6F0 /* XNMessageCell.m */; };
		0417F5FF1C8DE2EA0071A6F0 /* XNMessageView.m in Sources */ = {isa = PBXBuildFile; fileRef = 0417F5FE1C8DE2EA0071A6F0 /* XNMessageView.m */; };
		041E586F1C8EEA8E00E55132 /* UIView+Extension.m in Sources */ = {isa = PBXBuildFile; fileRef = 041E586E1C8EEA8E00E55132 /* UIView+Extension.m */; };
		041E58711C8EF09300E55132 /* Message.plist in Resources */ = {isa = PBXBuildFile; fileRef = 041E58701C8EF09300E55132 /* Message.plist */; };
		044218701C93C20C008B1F50 /* XNCoverView.m in Sources */ = {isa = PBXBuildFile; fileRef = 0442186F1C93C20C008B1F50 /* XNCoverView.m */; };
		04529A1A1C8D9C400081CF4E /* main.m in Sources */ = {isa = PBXBuildFile; fileRef = 04529A191C8D9C400081CF4E /* main.m */; };
		04529A1D1C8D9C400081CF4E /* AppDelegate.m in Sources */ = {isa = PBXBuildFile; fileRef = 04529A1C1C8D9C400081CF4E /* AppDelegate.m */; };
		04529A251C8D9C400081CF4E /* Assets.xcassets in Resources */ = {isa = PBXBuildFile; fileRef = 04529A241C8D9C400081CF4E /* Assets.xcassets */; };
		04529A4C1C8D9D3B0081CF4E /* XNComposeController.m in Sources */ = {isa = PBXBuildFile; fileRef = 04529A341C8D9D3B0081CF4E /* XNComposeController.m */; };
		04529A4D1C8D9D3B0081CF4E /* XNBaseNavigationController.m in Sources */ = {isa = PBXBuildFile; fileRef = 04529A3A1C8D9D3B0081CF4E /* XNBaseNavigationController.m */; };
		04529A4E1C8D9D3B0081CF4E /* XNMainTabBarViewController.m in Sources */ = {isa = PBXBuildFile; fileRef = 04529A3C1C8D9D3B0081CF4E /* XNMainTabBarViewController.m */; };
		04529A4F1C8D9D3B0081CF4E /* XNMessageController.m in Sources */ = {isa = PBXBuildFile; fileRef = 04529A431C8D9D3B0081CF4E /* XNMessageController.m */; };
		04529A501C8D9D3B0081CF4E /* XNProfileController.m in Sources */ = {isa = PBXBuildFile; fileRef = 04529A491C8D9D3B0081CF4E /* XNProfileController.m */; };
		04529A571C8DA0FB0081CF4E /* XNDiscoverController.m in Sources */ = {isa = PBXBuildFile; fileRef = 04529A561C8DA0FB0081CF4E /* XNDiscoverController.m */; };
		0477D73C1C91866F003C32DF /* Security.framework in Frameworks */ = {isa = PBXBuildFile; fileRef = 0477D73B1C91866F003C32DF /* Security.framework */; };
		0477D73E1C91867E003C32DF /* libiconv.tbd in Frameworks */ = {isa = PBXBuildFile; fileRef = 0477D73D1C91867E003C32DF /* libiconv.tbd */; };
		0477D7401C918688003C32DF /* SystemConfiguration.framework in Frameworks */ = {isa = PBXBuildFile; fileRef = 0477D73F1C918688003C32DF /* SystemConfiguration.framework */; };
		0477D7421C918695003C32DF /* CoreGraphics.framework in Frameworks */ = {isa = PBXBuildFile; fileRef = 0477D7411C918695003C32DF /* CoreGraphics.framework */; };
		0477D7441C9186A4003C32DF /* libsqlite3.tbd in Frameworks */ = {isa = PBXBuildFile; fileRef = 0477D7431C9186A4003C32DF /* libsqlite3.tbd */; };
		0477D7461C9186B1003C32DF /* CoreTelephony.framework in Frameworks */ = {isa = PBXBuildFile; fileRef = 0477D7451C9186B1003C32DF /* CoreTelephony.framework */; };
		0477D7481C9186BD003C32DF /* libstdc++.tbd in Frameworks */ = {isa = PBXBuildFile; fileRef = 0477D7471C9186BD003C32DF /* libstdc++.tbd */; };
		0477D74A1C9186CB003C32DF /* libz.tbd in Frameworks */ = {isa = PBXBuildFile; fileRef = 0477D7491C9186CB003C32DF /* libz.tbd */; };
		69FCE9E6D3DD3D66C4ADA64F /* libPods-NICHelper.a in Frameworks */ = {isa = PBXBuildFile; fileRef = EB2048FF99DFEEDACCE6FBD5 /* libPods-NICHelper.a */; };
/* End PBXBuildFile section */

/* Begin PBXFileReference section */
		040FDBFC1C90523A00935EBF /* XNLoginController.h */ = {isa = PBXFileReference; fileEncoding = 4; lastKnownFileType = sourcecode.c.h; name = XNLoginController.h; path = ../../Main/Controller/XNLoginController.h; sourceTree = "<group>"; };
		040FDBFD1C90523A00935EBF /* XNLoginController.m */ = {isa = PBXFileReference; fileEncoding = 4; lastKnownFileType = sourcecode.c.objc; name = XNLoginController.m; path = ../../Main/Controller/XNLoginController.m; sourceTree = "<group>"; };
		041173121C925CE7009AC6F9 /* NSString+XNTool.h */ = {isa = PBXFileReference; fileEncoding = 4; lastKnownFileType = sourcecode.c.h; path = "NSString+XNTool.h"; sourceTree = "<group>"; };
		041173131C925CE7009AC6F9 /* NSString+XNTool.m */ = {isa = PBXFileReference; fileEncoding = 4; lastKnownFileType = sourcecode.c.objc; path = "NSString+XNTool.m"; sourceTree = "<group>"; };
		0417F5F61C8DBA400071A6F0 /* XNColor.h */ = {isa = PBXFileReference; lastKnownFileType = sourcecode.c.h; path = XNColor.h; sourceTree = "<group>"; };
		0417F5F71C8DCF430071A6F0 /* XNMessage.h */ = {isa = PBXFileReference; fileEncoding = 4; lastKnownFileType = sourcecode.c.h; path = XNMessage.h; sourceTree = "<group>"; };
		0417F5F81C8DCF430071A6F0 /* XNMessage.m */ = {isa = PBXFileReference; fileEncoding = 4; lastKnownFileType = sourcecode.c.objc; path = XNMessage.m; sourceTree = "<group>"; };
		0417F5FA1C8DCF680071A6F0 /* XNMessageCell.h */ = {isa = PBXFileReference; fileEncoding = 4; lastKnownFileType = sourcecode.c.h; path = XNMessageCell.h; sourceTree = "<group>"; };
		0417F5FB1C8DCF680071A6F0 /* XNMessageCell.m */ = {isa = PBXFileReference; fileEncoding = 4; lastKnownFileType = sourcecode.c.objc; path = XNMessageCell.m; sourceTree = "<group>"; };
		0417F5FD1C8DE2EA0071A6F0 /* XNMessageView.h */ = {isa = PBXFileReference; fileEncoding = 4; lastKnownFileType = sourcecode.c.h; path = XNMessageView.h; sourceTree = "<group>"; };
		0417F5FE1C8DE2EA0071A6F0 /* XNMessageView.m */ = {isa = PBXFileReference; fileEncoding = 4; lastKnownFileType = sourcecode.c.objc; path = XNMessageView.m; sourceTree = "<group>"; };
		041E586D1C8EEA8E00E55132 /* UIView+Extension.h */ = {isa = PBXFileReference; fileEncoding = 4; lastKnownFileType = sourcecode.c.h; path = "UIView+Extension.h"; sourceTree = "<group>"; };
		041E586E1C8EEA8E00E55132 /* UIView+Extension.m */ = {isa = PBXFileReference; fileEncoding = 4; lastKnownFileType = sourcecode.c.objc; path = "UIView+Extension.m"; sourceTree = "<group>"; };
		041E58701C8EF09300E55132 /* Message.plist */ = {isa = PBXFileReference; fileEncoding = 4; lastKnownFileType = text.plist.xml; path = Message.plist; sourceTree = "<group>"; };
		0442186E1C93C20C008B1F50 /* XNCoverView.h */ = {isa = PBXFileReference; fileEncoding = 4; lastKnownFileType = sourcecode.c.h; path = XNCoverView.h; sourceTree = "<group>"; };
		0442186F1C93C20C008B1F50 /* XNCoverView.m */ = {isa = PBXFileReference; fileEncoding = 4; lastKnownFileType = sourcecode.c.objc; path = XNCoverView.m; sourceTree = "<group>"; };
		04529A151C8D9C400081CF4E /* NICHelper.app */ = {isa = PBXFileReference; explicitFileType = wrapper.application; includeInIndex = 0; path = NICHelper.app; sourceTree = BUILT_PRODUCTS_DIR; };
		04529A191C8D9C400081CF4E /* main.m */ = {isa = PBXFileReference; lastKnownFileType = sourcecode.c.objc; path = main.m; sourceTree = "<group>"; };
		04529A1B1C8D9C400081CF4E /* AppDelegate.h */ = {isa = PBXFileReference; lastKnownFileType = sourcecode.c.h; name = AppDelegate.h; path = ../../AppDelegate.h; sourceTree = "<group>"; };
		04529A1C1C8D9C400081CF4E /* AppDelegate.m */ = {isa = PBXFileReference; lastKnownFileType = sourcecode.c.objc; name = AppDelegate.m; path = ../../AppDelegate.m; sourceTree = "<group>"; };
		04529A241C8D9C400081CF4E /* Assets.xcassets */ = {isa = PBXFileReference; lastKnownFileType = folder.assetcatalog; path = Assets.xcassets; sourceTree = "<group>"; };
		04529A291C8D9C400081CF4E /* Info.plist */ = {isa = PBXFileReference; lastKnownFileType = text.plist.xml; path = Info.plist; sourceTree = "<group>"; };
		04529A331C8D9D3B0081CF4E /* XNComposeController.h */ = {isa = PBXFileReference; fileEncoding = 4; lastKnownFileType = sourcecode.c.h; path = XNComposeController.h; sourceTree = "<group>"; };
		04529A341C8D9D3B0081CF4E /* XNComposeController.m */ = {isa = PBXFileReference; fileEncoding = 4; lastKnownFileType = sourcecode.c.objc; path = XNComposeController.m; sourceTree = "<group>"; };
		04529A391C8D9D3B0081CF4E /* XNBaseNavigationController.h */ = {isa = PBXFileReference; fileEncoding = 4; lastKnownFileType = sourcecode.c.h; path = XNBaseNavigationController.h; sourceTree = "<group>"; };
		04529A3A1C8D9D3B0081CF4E /* XNBaseNavigationController.m */ = {isa = PBXFileReference; fileEncoding = 4; lastKnownFileType = sourcecode.c.objc; path = XNBaseNavigationController.m; sourceTree = "<group>"; };
		04529A3B1C8D9D3B0081CF4E /* XNMainTabBarViewController.h */ = {isa = PBXFileReference; fileEncoding = 4; lastKnownFileType = sourcecode.c.h; path = XNMainTabBarViewController.h; sourceTree = "<group>"; };
		04529A3C1C8D9D3B0081CF4E /* XNMainTabBarViewController.m */ = {isa = PBXFileReference; fileEncoding = 4; lastKnownFileType = sourcecode.c.objc; path = XNMainTabBarViewController.m; sourceTree = "<group>"; };
		04529A421C8D9D3B0081CF4E /* XNMessageController.h */ = {isa = PBXFileReference; fileEncoding = 4; lastKnownFileType = sourcecode.c.h; path = XNMessageController.h; sourceTree = "<group>"; };
		04529A431C8D9D3B0081CF4E /* XNMessageController.m */ = {isa = PBXFileReference; fileEncoding = 4; lastKnownFileType = sourcecode.c.objc; path = XNMessageController.m; sourceTree = "<group>"; };
		04529A481C8D9D3B0081CF4E /* XNProfileController.h */ = {isa = PBXFileReference; fileEncoding = 4; lastKnownFileType = sourcecode.c.h; path = XNProfileController.h; sourceTree = "<group>"; };
		04529A491C8D9D3B0081CF4E /* XNProfileController.m */ = {isa = PBXFileReference; fileEncoding = 4; lastKnownFileType = sourcecode.c.objc; path = XNProfileController.m; sourceTree = "<group>"; };
		04529A551C8DA0FB0081CF4E /* XNDiscoverController.h */ = {isa = PBXFileReference; fileEncoding = 4; lastKnownFileType = sourcecode.c.h; path = XNDiscoverController.h; sourceTree = "<group>"; };
		04529A561C8DA0FB0081CF4E /* XNDiscoverController.m */ = {isa = PBXFileReference; fileEncoding = 4; lastKnownFileType = sourcecode.c.objc; path = XNDiscoverController.m; sourceTree = "<group>"; };
		0477D73B1C91866F003C32DF /* Security.framework */ = {isa = PBXFileReference; lastKnownFileType = wrapper.framework; name = Security.framework; path = System/Library/Frameworks/Security.framework; sourceTree = SDKROOT; };
		0477D73D1C91867E003C32DF /* libiconv.tbd */ = {isa = PBXFileReference; lastKnownFileType = "sourcecode.text-based-dylib-definition"; name = libiconv.tbd; path = usr/lib/libiconv.tbd; sourceTree = SDKROOT; };
		0477D73F1C918688003C32DF /* SystemConfiguration.framework */ = {isa = PBXFileReference; lastKnownFileType = wrapper.framework; name = SystemConfiguration.framework; path = System/Library/Frameworks/SystemConfiguration.framework; sourceTree = SDKROOT; };
		0477D7411C918695003C32DF /* CoreGraphics.framework */ = {isa = PBXFileReference; lastKnownFileType = wrapper.framework; name = CoreGraphics.framework; path = System/Library/Frameworks/CoreGraphics.framework; sourceTree = SDKROOT; };
		0477D7431C9186A4003C32DF /* libsqlite3.tbd */ = {isa = PBXFileReference; lastKnownFileType = "sourcecode.text-based-dylib-definition"; name = libsqlite3.tbd; path = usr/lib/libsqlite3.tbd; sourceTree = SDKROOT; };
		0477D7451C9186B1003C32DF /* CoreTelephony.framework */ = {isa = PBXFileReference; lastKnownFileType = wrapper.framework; name = CoreTelephony.framework; path = System/Library/Frameworks/CoreTelephony.framework; sourceTree = SDKROOT; };
		0477D7471C9186BD003C32DF /* libstdc++.tbd */ = {isa = PBXFileReference; lastKnownFileType = "sourcecode.text-based-dylib-definition"; name = "libstdc++.tbd"; path = "usr/lib/libstdc++.tbd"; sourceTree = SDKROOT; };
		0477D7491C9186CB003C32DF /* libz.tbd */ = {isa = PBXFileReference; lastKnownFileType = "sourcecode.text-based-dylib-definition"; name = libz.tbd; path = usr/lib/libz.tbd; sourceTree = SDKROOT; };
		0FB5A7758DDA5DD0D4598680 /* Pods-NICHelper.debug.xcconfig */ = {isa = PBXFileReference; includeInIndex = 1; lastKnownFileType = text.xcconfig; name = "Pods-NICHelper.debug.xcconfig"; path = "Pods/Target Support Files/Pods-NICHelper/Pods-NICHelper.debug.xcconfig"; sourceTree = "<group>"; };
		3D375FE0AE9D5F211C4C51CA /* Pods-NICHelper.release.xcconfig */ = {isa = PBXFileReference; includeInIndex = 1; lastKnownFileType = text.xcconfig; name = "Pods-NICHelper.release.xcconfig"; path = "Pods/Target Support Files/Pods-NICHelper/Pods-NICHelper.release.xcconfig"; sourceTree = "<group>"; };
		EB2048FF99DFEEDACCE6FBD5 /* libPods-NICHelper.a */ = {isa = PBXFileReference; explicitFileType = archive.ar; includeInIndex = 0; path = "libPods-NICHelper.a"; sourceTree = BUILT_PRODUCTS_DIR; };
/* End PBXFileReference section */

/* Begin PBXFrameworksBuildPhase section */
		04529A121C8D9C400081CF4E /* Frameworks */ = {
			isa = PBXFrameworksBuildPhase;
			buildActionMask = 2147483647;
			files = (
				0477D74A1C9186CB003C32DF /* libz.tbd in Frameworks */,
				0477D7481C9186BD003C32DF /* libstdc++.tbd in Frameworks */,
				0477D7461C9186B1003C32DF /* CoreTelephony.framework in Frameworks */,
				0477D7441C9186A4003C32DF /* libsqlite3.tbd in Frameworks */,
				0477D7421C918695003C32DF /* CoreGraphics.framework in Frameworks */,
				0477D7401C918688003C32DF /* SystemConfiguration.framework in Frameworks */,
				0477D73E1C91867E003C32DF /* libiconv.tbd in Frameworks */,
				0477D73C1C91866F003C32DF /* Security.framework in Frameworks */,
				69FCE9E6D3DD3D66C4ADA64F /* libPods-NICHelper.a in Frameworks */,
			);
			runOnlyForDeploymentPostprocessing = 0;
		};
/* End PBXFrameworksBuildPhase section */

/* Begin PBXGroup section */
		040FDBFF1C90538E00935EBF /* Visitor */ = {
			isa = PBXGroup;
			children = (
				040FDC001C90538E00935EBF /* Controller */,
				040FDC011C90538E00935EBF /* Model */,
				040FDC021C90538E00935EBF /* View */,
			);
			path = Visitor;
			sourceTree = "<group>";
		};
		040FDC001C90538E00935EBF /* Controller */ = {
			isa = PBXGroup;
			children = (
				040FDBFC1C90523A00935EBF /* XNLoginController.h */,
				040FDBFD1C90523A00935EBF /* XNLoginController.m */,
			);
			path = Controller;
			sourceTree = "<group>";
		};
		040FDC011C90538E00935EBF /* Model */ = {
			isa = PBXGroup;
			children = (
			);
			path = Model;
			sourceTree = "<group>";
		};
		040FDC021C90538E00935EBF /* View */ = {
			isa = PBXGroup;
			children = (
			);
			path = View;
			sourceTree = "<group>";
		};
		04529A0C1C8D9C400081CF4E = {
			isa = PBXGroup;
			children = (
				04529A171C8D9C400081CF4E /* NICHelper */,
				04529A161C8D9C400081CF4E /* Products */,
				0AF9D912A5E122598A85BA86 /* Pods */,
				15C31103A5BDBB308566E4DE /* Frameworks */,
			);
			sourceTree = "<group>";
		};
		04529A161C8D9C400081CF4E /* Products */ = {
			isa = PBXGroup;
			children = (
				04529A151C8D9C400081CF4E /* NICHelper.app */,
			);
			name = Products;
			sourceTree = "<group>";
		};
		04529A171C8D9C400081CF4E /* NICHelper */ = {
			isa = PBXGroup;
			children = (
				040FDBFF1C90538E00935EBF /* Visitor */,
				04529A511C8DA0C00081CF4E /* Discover */,
				04529A2F1C8D9D3B0081CF4E /* Common */,
				04529A311C8D9D3B0081CF4E /* Compose */,
				04529A371C8D9D3B0081CF4E /* Main */,
				04529A401C8D9D3B0081CF4E /* Message */,
				04529A461C8D9D3B0081CF4E /* Profile */,
				04529A181C8D9C400081CF4E /* Supporting Files */,
			);
			path = NICHelper;
			sourceTree = "<group>";
		};
		04529A181C8D9C400081CF4E /* Supporting Files */ = {
			isa = PBXGroup;
			children = (
				04529A241C8D9C400081CF4E /* Assets.xcassets */,
				04529A291C8D9C400081CF4E /* Info.plist */,
				04529A191C8D9C400081CF4E /* main.m */,
				041E58701C8EF09300E55132 /* Message.plist */,
			);
			name = "Supporting Files";
			sourceTree = "<group>";
		};
		04529A2F1C8D9D3B0081CF4E /* Common */ = {
			isa = PBXGroup;
			children = (
				04EBA4BC1C931EE500BAEDA5 /* Lib */,
				04529A301C8D9D3B0081CF4E /* Tools */,
			);
			path = Common;
			sourceTree = "<group>";
		};
		04529A301C8D9D3B0081CF4E /* Tools */ = {
			isa = PBXGroup;
			children = (
				0417F5F61C8DBA400071A6F0 /* XNColor.h */,
				041173121C925CE7009AC6F9 /* NSString+XNTool.h */,
				041173131C925CE7009AC6F9 /* NSString+XNTool.m */,
				041E586D1C8EEA8E00E55132 /* UIView+Extension.h */,
				041E586E1C8EEA8E00E55132 /* UIView+Extension.m */,
			);
			path = Tools;
			sourceTree = "<group>";
		};
		04529A311C8D9D3B0081CF4E /* Compose */ = {
			isa = PBXGroup;
			children = (
				04529A321C8D9D3B0081CF4E /* Controller */,
				04529A351C8D9D3B0081CF4E /* Model */,
				04529A361C8D9D3B0081CF4E /* View */,
			);
			path = Compose;
			sourceTree = "<group>";
		};
		04529A321C8D9D3B0081CF4E /* Controller */ = {
			isa = PBXGroup;
			children = (
				04529A331C8D9D3B0081CF4E /* XNComposeController.h */,
				04529A341C8D9D3B0081CF4E /* XNComposeController.m */,
			);
			path = Controller;
			sourceTree = "<group>";
		};
		04529A351C8D9D3B0081CF4E /* Model */ = {
			isa = PBXGroup;
			children = (
			);
			path = Model;
			sourceTree = "<group>";
		};
		04529A361C8D9D3B0081CF4E /* View */ = {
			isa = PBXGroup;
			children = (
			);
			path = View;
			sourceTree = "<group>";
		};
		04529A371C8D9D3B0081CF4E /* Main */ = {
			isa = PBXGroup;
			children = (
				04529A381C8D9D3B0081CF4E /* Controller */,
				04529A3D1C8D9D3B0081CF4E /* Model */,
				04529A3E1C8D9D3B0081CF4E /* Other */,
				04529A3F1C8D9D3B0081CF4E /* View */,
			);
			path = Main;
			sourceTree = "<group>";
		};
		04529A381C8D9D3B0081CF4E /* Controller */ = {
			isa = PBXGroup;
			children = (
				04529A391C8D9D3B0081CF4E /* XNBaseNavigationController.h */,
				04529A3A1C8D9D3B0081CF4E /* XNBaseNavigationController.m */,
				04529A3B1C8D9D3B0081CF4E /* XNMainTabBarViewController.h */,
				04529A3C1C8D9D3B0081CF4E /* XNMainTabBarViewController.m */,
			);
			path = Controller;
			sourceTree = "<group>";
		};
		04529A3D1C8D9D3B0081CF4E /* Model */ = {
			isa = PBXGroup;
			children = (
			);
			path = Model;
			sourceTree = "<group>";
		};
		04529A3E1C8D9D3B0081CF4E /* Other */ = {
			isa = PBXGroup;
			children = (
				04529A1B1C8D9C400081CF4E /* AppDelegate.h */,
				04529A1C1C8D9C400081CF4E /* AppDelegate.m */,
			);
			path = Other;
			sourceTree = "<group>";
		};
		04529A3F1C8D9D3B0081CF4E /* View */ = {
			isa = PBXGroup;
			children = (
			);
			path = View;
			sourceTree = "<group>";
		};
		04529A401C8D9D3B0081CF4E /* Message */ = {
			isa = PBXGroup;
			children = (
				04529A411C8D9D3B0081CF4E /* Controller */,
				04529A441C8D9D3B0081CF4E /* Model */,
				04529A451C8D9D3B0081CF4E /* View */,
			);
			path = Message;
			sourceTree = "<group>";
		};
		04529A411C8D9D3B0081CF4E /* Controller */ = {
			isa = PBXGroup;
			children = (
				04529A421C8D9D3B0081CF4E /* XNMessageController.h */,
				04529A431C8D9D3B0081CF4E /* XNMessageController.m */,
			);
			path = Controller;
			sourceTree = "<group>";
		};
		04529A441C8D9D3B0081CF4E /* Model */ = {
			isa = PBXGroup;
			children = (
				0417F5F71C8DCF430071A6F0 /* XNMessage.h */,
				0417F5F81C8DCF430071A6F0 /* XNMessage.m */,
			);
			path = Model;
			sourceTree = "<group>";
		};
		04529A451C8D9D3B0081CF4E /* View */ = {
			isa = PBXGroup;
			children = (
				0417F5FA1C8DCF680071A6F0 /* XNMessageCell.h */,
				0417F5FB1C8DCF680071A6F0 /* XNMessageCell.m */,
				0417F5FD1C8DE2EA0071A6F0 /* XNMessageView.h */,
				0417F5FE1C8DE2EA0071A6F0 /* XNMessageView.m */,
			);
			path = View;
			sourceTree = "<group>";
		};
		04529A461C8D9D3B0081CF4E /* Profile */ = {
			isa = PBXGroup;
			children = (
				04529A471C8D9D3B0081CF4E /* Controller */,
				04529A4A1C8D9D3B0081CF4E /* Model */,
				04529A4B1C8D9D3B0081CF4E /* View */,
			);
			path = Profile;
			sourceTree = "<group>";
		};
		04529A471C8D9D3B0081CF4E /* Controller */ = {
			isa = PBXGroup;
			children = (
				04529A481C8D9D3B0081CF4E /* XNProfileController.h */,
				04529A491C8D9D3B0081CF4E /* XNProfileController.m */,
			);
			path = Controller;
			sourceTree = "<group>";
		};
		04529A4A1C8D9D3B0081CF4E /* Model */ = {
			isa = PBXGroup;
			children = (
			);
			path = Model;
			sourceTree = "<group>";
		};
		04529A4B1C8D9D3B0081CF4E /* View */ = {
			isa = PBXGroup;
			children = (
			);
			path = View;
			sourceTree = "<group>";
		};
		04529A511C8DA0C00081CF4E /* Discover */ = {
			isa = PBXGroup;
			children = (
				04529A521C8DA0C00081CF4E /* Controller */,
				04529A531C8DA0C00081CF4E /* Model */,
				04529A541C8DA0C00081CF4E /* View */,
			);
			path = Discover;
			sourceTree = "<group>";
		};
		04529A521C8DA0C00081CF4E /* Controller */ = {
			isa = PBXGroup;
			children = (
				04529A551C8DA0FB0081CF4E /* XNDiscoverController.h */,
				04529A561C8DA0FB0081CF4E /* XNDiscoverController.m */,
			);
			path = Controller;
			sourceTree = "<group>";
		};
		04529A531C8DA0C00081CF4E /* Model */ = {
			isa = PBXGroup;
			children = (
			);
			path = Model;
			sourceTree = "<group>";
		};
		04529A541C8DA0C00081CF4E /* View */ = {
			isa = PBXGroup;
			children = (
				0442186E1C93C20C008B1F50 /* XNCoverView.h */,
				0442186F1C93C20C008B1F50 /* XNCoverView.m */,
			);
			path = View;
			sourceTree = "<group>";
		};
		04EBA4BC1C931EE500BAEDA5 /* Lib */ = {
			isa = PBXGroup;
			children = (
			);
			path = Lib;
			sourceTree = "<group>";
		};
		0AF9D912A5E122598A85BA86 /* Pods */ = {
			isa = PBXGroup;
			children = (
				0FB5A7758DDA5DD0D4598680 /* Pods-NICHelper.debug.xcconfig */,
				3D375FE0AE9D5F211C4C51CA /* Pods-NICHelper.release.xcconfig */,
			);
			name = Pods;
			sourceTree = "<group>";
		};
		15C31103A5BDBB308566E4DE /* Frameworks */ = {
			isa = PBXGroup;
			children = (
				0477D7491C9186CB003C32DF /* libz.tbd */,
				0477D7471C9186BD003C32DF /* libstdc++.tbd */,
				0477D7451C9186B1003C32DF /* CoreTelephony.framework */,
				0477D7431C9186A4003C32DF /* libsqlite3.tbd */,
				0477D7411C918695003C32DF /* CoreGraphics.framework */,
				0477D73F1C918688003C32DF /* SystemConfiguration.framework */,
				0477D73D1C91867E003C32DF /* libiconv.tbd */,
				0477D73B1C91866F003C32DF /* Security.framework */,
				EB2048FF99DFEEDACCE6FBD5 /* libPods-NICHelper.a */,
			);
			name = Frameworks;
			sourceTree = "<group>";
		};
/* End PBXGroup section */

/* Begin PBXNativeTarget section */
		04529A141C8D9C400081CF4E /* NICHelper */ = {
			isa = PBXNativeTarget;
			buildConfigurationList = 04529A2C1C8D9C400081CF4E /* Build configuration list for PBXNativeTarget "NICHelper" */;
			buildPhases = (
				00D905C78C993A44C9AD5F20 /* Check Pods Manifest.lock */,
				04529A111C8D9C400081CF4E /* Sources */,
				04529A121C8D9C400081CF4E /* Frameworks */,
				04529A131C8D9C400081CF4E /* Resources */,
				3C7A0949218F8E6656EAEC01 /* Embed Pods Frameworks */,
				3BFC20982A04A481F7EE6277 /* Copy Pods Resources */,
			);
			buildRules = (
			);
			dependencies = (
			);
			name = NICHelper;
			productName = NICHelper;
			productReference = 04529A151C8D9C400081CF4E /* NICHelper.app */;
			productType = "com.apple.product-type.application";
		};
/* End PBXNativeTarget section */

/* Begin PBXProject section */
		04529A0D1C8D9C400081CF4E /* Project object */ = {
			isa = PBXProject;
			attributes = {
				CLASSPREFIX = XN;
				LastUpgradeCheck = 0720;
				ORGANIZATIONNAME = Hsu;
				TargetAttributes = {
					04529A141C8D9C400081CF4E = {
						CreatedOnToolsVersion = 7.2;
						DevelopmentTeam = J7H6SN66AX;
					};
				};
			};
			buildConfigurationList = 04529A101C8D9C400081CF4E /* Build configuration list for PBXProject "NICHelper" */;
			compatibilityVersion = "Xcode 3.2";
			developmentRegion = English;
			hasScannedForEncodings = 0;
			knownRegions = (
				en,
				Base,
				"zh-Hans",
			);
			mainGroup = 04529A0C1C8D9C400081CF4E;
			productRefGroup = 04529A161C8D9C400081CF4E /* Products */;
			projectDirPath = "";
			projectRoot = "";
			targets = (
				04529A141C8D9C400081CF4E /* NICHelper */,
			);
		};
/* End PBXProject section */

/* Begin PBXResourcesBuildPhase section */
		04529A131C8D9C400081CF4E /* Resources */ = {
			isa = PBXResourcesBuildPhase;
			buildActionMask = 2147483647;
			files = (
				041E58711C8EF09300E55132 /* Message.plist in Resources */,
				04529A251C8D9C400081CF4E /* Assets.xcassets in Resources */,
			);
			runOnlyForDeploymentPostprocessing = 0;
		};
/* End PBXResourcesBuildPhase section */

/* Begin PBXShellScriptBuildPhase section */
		00D905C78C993A44C9AD5F20 /* Check Pods Manifest.lock */ = {
			isa = PBXShellScriptBuildPhase;
			buildActionMask = 2147483647;
			files = (
			);
			inputPaths = (
			);
			name = "Check Pods Manifest.lock";
			outputPaths = (
			);
			runOnlyForDeploymentPostprocessing = 0;
			shellPath = /bin/sh;
			shellScript = "diff \"${PODS_ROOT}/../Podfile.lock\" \"${PODS_ROOT}/Manifest.lock\" > /dev/null\nif [[ $? != 0 ]] ; then\n    cat << EOM\nerror: The sandbox is not in sync with the Podfile.lock. Run 'pod install' or update your CocoaPods installation.\nEOM\n    exit 1\nfi\n";
			showEnvVarsInLog = 0;
		};
		3BFC20982A04A481F7EE6277 /* Copy Pods Resources */ = {
			isa = PBXShellScriptBuildPhase;
			buildActionMask = 2147483647;
			files = (
			);
			inputPaths = (
			);
			name = "Copy Pods Resources";
			outputPaths = (
			);
			runOnlyForDeploymentPostprocessing = 0;
			shellPath = /bin/sh;
			shellScript = "\"${SRCROOT}/Pods/Target Support Files/Pods-NICHelper/Pods-NICHelper-resources.sh\"\n";
			showEnvVarsInLog = 0;
		};
		3C7A0949218F8E6656EAEC01 /* Embed Pods Frameworks */ = {
			isa = PBXShellScriptBuildPhase;
			buildActionMask = 2147483647;
			files = (
			);
			inputPaths = (
			);
			name = "Embed Pods Frameworks";
			outputPaths = (
			);
			runOnlyForDeploymentPostprocessing = 0;
			shellPath = /bin/sh;
			shellScript = "\"${SRCROOT}/Pods/Target Support Files/Pods-NICHelper/Pods-NICHelper-frameworks.sh\"\n";
			showEnvVarsInLog = 0;
		};
/* End PBXShellScriptBuildPhase section */

/* Begin PBXSourcesBuildPhase section */
		04529A111C8D9C400081CF4E /* Sources */ = {
			isa = PBXSourcesBuildPhase;
			buildActionMask = 2147483647;
			files = (
				04529A4C1C8D9D3B0081CF4E /* XNComposeController.m in Sources */,
				0417F5F91C8DCF430071A6F0 /* XNMessage.m in Sources */,
				04529A4D1C8D9D3B0081CF4E /* XNBaseNavigationController.m in Sources */,
				0417F5FF1C8DE2EA0071A6F0 /* XNMessageView.m in Sources */,
				0417F5FC1C8DCF680071A6F0 /* XNMessageCell.m in Sources */,
				04529A571C8DA0FB0081CF4E /* XNDiscoverController.m in Sources */,
				040FDBFE1C90523A00935EBF /* XNLoginController.m in Sources */,
				041173141C925CE7009AC6F9 /* NSString+XNTool.m in Sources */,
				041E586F1C8EEA8E00E55132 /* UIView+Extension.m in Sources */,
				04529A501C8D9D3B0081CF4E /* XNProfileController.m in Sources */,
				04529A4F1C8D9D3B0081CF4E /* XNMessageController.m in Sources */,
				044218701C93C20C008B1F50 /* XNCoverView.m in Sources */,
				04529A1D1C8D9C400081CF4E /* AppDelegate.m in Sources */,
				04529A1A1C8D9C400081CF4E /* main.m in Sources */,
				04529A4E1C8D9D3B0081CF4E /* XNMainTabBarViewController.m in Sources */,
			);
			runOnlyForDeploymentPostprocessing = 0;
		};
/* End PBXSourcesBuildPhase section */

/* Begin XCBuildConfiguration section */
		04529A2A1C8D9C400081CF4E /* Debug */ = {
			isa = XCBuildConfiguration;
			buildSettings = {
				ALWAYS_SEARCH_USER_PATHS = NO;
				CLANG_CXX_LANGUAGE_STANDARD = "gnu++0x";
				CLANG_CXX_LIBRARY = "libc++";
				CLANG_ENABLE_MODULES = YES;
				CLANG_ENABLE_OBJC_ARC = YES;
				CLANG_WARN_BOOL_CONVERSION = YES;
				CLANG_WARN_CONSTANT_CONVERSION = YES;
				CLANG_WARN_DIRECT_OBJC_ISA_USAGE = YES_ERROR;
				CLANG_WARN_EMPTY_BODY = YES;
				CLANG_WARN_ENUM_CONVERSION = YES;
				CLANG_WARN_INT_CONVERSION = YES;
				CLANG_WARN_OBJC_ROOT_CLASS = YES_ERROR;
				CLANG_WARN_UNREACHABLE_CODE = YES;
				CLANG_WARN__DUPLICATE_METHOD_MATCH = YES;
				"CODE_SIGN_IDENTITY[sdk=iphoneos*]" = "iPhone Developer";
				COPY_PHASE_STRIP = NO;
				DEBUG_INFORMATION_FORMAT = dwarf;
				ENABLE_STRICT_OBJC_MSGSEND = YES;
				ENABLE_TESTABILITY = YES;
				GCC_C_LANGUAGE_STANDARD = gnu99;
				GCC_DYNAMIC_NO_PIC = NO;
				GCC_NO_COMMON_BLOCKS = YES;
				GCC_OPTIMIZATION_LEVEL = 0;
				GCC_PREPROCESSOR_DEFINITIONS = (
					"DEBUG=1",
					"$(inherited)",
				);
				GCC_WARN_64_TO_32_BIT_CONVERSION = YES;
				GCC_WARN_ABOUT_RETURN_TYPE = YES_ERROR;
				GCC_WARN_UNDECLARED_SELECTOR = YES;
				GCC_WARN_UNINITIALIZED_AUTOS = YES_AGGRESSIVE;
				GCC_WARN_UNUSED_FUNCTION = YES;
				GCC_WARN_UNUSED_VARIABLE = YES;
				IPHONEOS_DEPLOYMENT_TARGET = 9.2;
				MTL_ENABLE_DEBUG_INFO = YES;
				ONLY_ACTIVE_ARCH = YES;
				SDKROOT = iphoneos;
			};
			name = Debug;
		};
		04529A2B1C8D9C400081CF4E /* Release */ = {
			isa = XCBuildConfiguration;
			buildSettings = {
				ALWAYS_SEARCH_USER_PATHS = NO;
				CLANG_CXX_LANGUAGE_STANDARD = "gnu++0x";
				CLANG_CXX_LIBRARY = "libc++";
				CLANG_ENABLE_MODULES = YES;
				CLANG_ENABLE_OBJC_ARC = YES;
				CLANG_WARN_BOOL_CONVERSION = YES;
				CLANG_WARN_CONSTANT_CONVERSION = YES;
				CLANG_WARN_DIRECT_OBJC_ISA_USAGE = YES_ERROR;
				CLANG_WARN_EMPTY_BODY = YES;
				CLANG_WARN_ENUM_CONVERSION = YES;
				CLANG_WARN_INT_CONVERSION = YES;
				CLANG_WARN_OBJC_ROOT_CLASS = YES_ERROR;
				CLANG_WARN_UNREACHABLE_CODE = YES;
				CLANG_WARN__DUPLICATE_METHOD_MATCH = YES;
				"CODE_SIGN_IDENTITY[sdk=iphoneos*]" = "iPhone Developer";
				COPY_PHASE_STRIP = NO;
				DEBUG_INFORMATION_FORMAT = "dwarf-with-dsym";
				ENABLE_NS_ASSERTIONS = NO;
				ENABLE_STRICT_OBJC_MSGSEND = YES;
				GCC_C_LANGUAGE_STANDARD = gnu99;
				GCC_NO_COMMON_BLOCKS = YES;
				GCC_WARN_64_TO_32_BIT_CONVERSION = YES;
				GCC_WARN_ABOUT_RETURN_TYPE = YES_ERROR;
				GCC_WARN_UNDECLARED_SELECTOR = YES;
				GCC_WARN_UNINITIALIZED_AUTOS = YES_AGGRESSIVE;
				GCC_WARN_UNUSED_FUNCTION = YES;
				GCC_WARN_UNUSED_VARIABLE = YES;
				IPHONEOS_DEPLOYMENT_TARGET = 9.2;
				MTL_ENABLE_DEBUG_INFO = NO;
				SDKROOT = iphoneos;
				VALIDATE_PRODUCT = YES;
			};
			name = Release;
		};
		04529A2D1C8D9C400081CF4E /* Debug */ = {
			isa = XCBuildConfiguration;
			baseConfigurationReference = 0FB5A7758DDA5DD0D4598680 /* Pods-NICHelper.debug.xcconfig */;
			buildSettings = {
				ASSETCATALOG_COMPILER_APPICON_NAME = AppIcon;
				ASSETCATALOG_COMPILER_LAUNCHIMAGE_NAME = LaunchImage;
				ENABLE_BITCODE = NO;
				INFOPLIST_FILE = NICHelper/Info.plist;
				IPHONEOS_DEPLOYMENT_TARGET = 8.4;
				LD_RUNPATH_SEARCH_PATHS = "$(inherited) @executable_path/Frameworks";
				LIBRARY_SEARCH_PATHS = (
					"$(inherited)",
					"$(PROJECT_DIR)/NICHelper/Common/UMSocial_Sdk_5.0",
				);
				PRODUCT_BUNDLE_IDENTIFIER = com.tsuios.hsu;
				PRODUCT_NAME = "$(TARGET_NAME)";
			};
			name = Debug;
		};
		04529A2E1C8D9C400081CF4E /* Release */ = {
			isa = XCBuildConfiguration;
			baseConfigurationReference = 3D375FE0AE9D5F211C4C51CA /* Pods-NICHelper.release.xcconfig */;
			buildSettings = {
				ASSETCATALOG_COMPILER_APPICON_NAME = AppIcon;
				ASSETCATALOG_COMPILER_LAUNCHIMAGE_NAME = LaunchImage;
				ENABLE_BITCODE = NO;
				INFOPLIST_FILE = NICHelper/Info.plist;
				IPHONEOS_DEPLOYMENT_TARGET = 8.4;
				LD_RUNPATH_SEARCH_PATHS = "$(inherited) @executable_path/Frameworks";
				LIBRARY_SEARCH_PATHS = (
					"$(inherited)",
					"$(PROJECT_DIR)/NICHelper/Common/UMSocial_Sdk_5.0",
				);
				PRODUCT_BUNDLE_IDENTIFIER = com.tsuios.hsu;
				PRODUCT_NAME = "$(TARGET_NAME)";
			};
			name = Release;
		};
/* End XCBuildConfiguration section */

/* Begin XCConfigurationList section */
		04529A101C8D9C400081CF4E /* Build configuration list for PBXProject "NICHelper" */ = {
			isa = XCConfigurationList;
			buildConfigurations = (
				04529A2A1C8D9C400081CF4E /* Debug */,
				04529A2B1C8D9C400081CF4E /* Release */,
			);
			defaultConfigurationIsVisible = 0;
			defaultConfigurationName = Release;
		};
		04529A2C1C8D9C400081CF4E /* Build configuration list for PBXNativeTarget "NICHelper" */ = {
			isa = XCConfigurationList;
			buildConfigurations = (
				04529A2D1C8D9C400081CF4E /* Debug */,
				04529A2E1C8D9C400081CF4E /* Release */,
			);
			defaultConfigurationIsVisible = 0;
			defaultConfigurationName = Release;
		};
/* End XCConfigurationList section */
	};
	rootObject = 04529A0D1C8D9C400081CF4E /* Project object */;
}
