// !$*UTF8*$!
{
	archiveVersion = 1;
	classes = {
	};
	objectVersion = 46;
	objects = {

/* Begin PBXBuildFile section */
		040439D41C9EE7EE002137D7 /* XNLocationController.m in Sources */ = {isa = PBXBuildFile; fileRef = 040439D31C9EE7EE002137D7 /* XNLocationController.m */; };
		041173141C925CE7009AC6F9 /* NSString+XNTool.m in Sources */ = {isa = PBXBuildFile; fileRef = 041173131C925CE7009AC6F9 /* NSString+XNTool.m */; };
		0417F5F91C8DCF430071A6F0 /* XNMessage.m in Sources */ = {isa = PBXBuildFile; fileRef = 0417F5F81C8DCF430071A6F0 /* XNMessage.m */; };
		0417F5FC1C8DCF680071A6F0 /* XNMessageCell.m in Sources */ = {isa = PBXBuildFile; fileRef = 0417F5FB1C8DCF680071A6F0 /* XNMessageCell.m */; };
		0417F5FF1C8DE2EA0071A6F0 /* XNMessageView.m in Sources */ = {isa = PBXBuildFile; fileRef = 0417F5FE1C8DE2EA0071A6F0 /* XNMessageView.m */; };
		041E586F1C8EEA8E00E55132 /* UIView+Extension.m in Sources */ = {isa = PBXBuildFile; fileRef = 041E586E1C8EEA8E00E55132 /* UIView+Extension.m */; };
		041E58711C8EF09300E55132 /* Message.plist in Resources */ = {isa = PBXBuildFile; fileRef = 041E58701C8EF09300E55132 /* Message.plist */; };
		042226271C97940D004F1140 /* NSArray+Log.m in Sources */ = {isa = PBXBuildFile; fileRef = 042226261C97940D004F1140 /* NSArray+Log.m */; };
		042711761C9581BE00E6EFBB /* Weather.json in Resources */ = {isa = PBXBuildFile; fileRef = 042711751C9581BE00E6EFBB /* Weather.json */; };
		042711791C95863100E6EFBB /* ShareManager.m in Sources */ = {isa = PBXBuildFile; fileRef = 042711781C95863100E6EFBB /* ShareManager.m */; };
		0438ABCE1CBA311F00D888F2 /* XNUserInfoModel.m in Sources */ = {isa = PBXBuildFile; fileRef = 0438ABCD1CBA311F00D888F2 /* XNUserInfoModel.m */; };
		044218701C93C20C008B1F50 /* XNCoverView.m in Sources */ = {isa = PBXBuildFile; fileRef = 0442186F1C93C20C008B1F50 /* XNCoverView.m */; };
		04529A1A1C8D9C400081CF4E /* main.m in Sources */ = {isa = PBXBuildFile; fileRef = 04529A191C8D9C400081CF4E /* main.m */; };
		04529A1D1C8D9C400081CF4E /* AppDelegate.m in Sources */ = {isa = PBXBuildFile; fileRef = 04529A1C1C8D9C400081CF4E /* AppDelegate.m */; };
		04529A251C8D9C400081CF4E /* Assets.xcassets in Resources */ = {isa = PBXBuildFile; fileRef = 04529A241C8D9C400081CF4E /* Assets.xcassets */; };
		04529A4D1C8D9D3B0081CF4E /* XNBaseNavigationController.m in Sources */ = {isa = PBXBuildFile; fileRef = 04529A3A1C8D9D3B0081CF4E /* XNBaseNavigationController.m */; };
		04529A4E1C8D9D3B0081CF4E /* XNMainTabBarViewController.m in Sources */ = {isa = PBXBuildFile; fileRef = 04529A3C1C8D9D3B0081CF4E /* XNMainTabBarViewController.m */; };
		04529A4F1C8D9D3B0081CF4E /* XNMessageController.m in Sources */ = {isa = PBXBuildFile; fileRef = 04529A431C8D9D3B0081CF4E /* XNMessageController.m */; };
		04529A571C8DA0FB0081CF4E /* XNDiscoverController.m in Sources */ = {isa = PBXBuildFile; fileRef = 04529A561C8DA0FB0081CF4E /* XNDiscoverController.m */; };
		045716101CB65B5E0030E924 /* XNMessageTool.m in Sources */ = {isa = PBXBuildFile; fileRef = 0457160F1CB65B5E0030E924 /* XNMessageTool.m */; };
		045716131CB66BAD0030E924 /* XNTableViewCell.m in Sources */ = {isa = PBXBuildFile; fileRef = 045716121CB66BAD0030E924 /* XNTableViewCell.m */; };
		046913721C959E7F00AA440D /* XNWeatherModel.m in Sources */ = {isa = PBXBuildFile; fileRef = 046913711C959E7F00AA440D /* XNWeatherModel.m */; };
		0473B5D51C9C3E33009DB447 /* Profile.plist in Resources */ = {isa = PBXBuildFile; fileRef = 0473B5D41C9C3E33009DB447 /* Profile.plist */; };
		0473B5D81C9C425E009DB447 /* XNCollectController.m in Sources */ = {isa = PBXBuildFile; fileRef = 0473B5D71C9C425E009DB447 /* XNCollectController.m */; };
		0473B5DB1C9C4350009DB447 /* XNShakeViewController.m in Sources */ = {isa = PBXBuildFile; fileRef = 0473B5DA1C9C4350009DB447 /* XNShakeViewController.m */; };
		0473B5DE1C9C437F009DB447 /* XNScanViewController.m in Sources */ = {isa = PBXBuildFile; fileRef = 0473B5DD1C9C437F009DB447 /* XNScanViewController.m */; };
		0473B5E11C9C4C4A009DB447 /* XNProfileCell.m in Sources */ = {isa = PBXBuildFile; fileRef = 0473B5E01C9C4C4A009DB447 /* XNProfileCell.m */; };
		0473B5E41C9C5004009DB447 /* XNProfileDetailCell.m in Sources */ = {isa = PBXBuildFile; fileRef = 0473B5E31C9C5004009DB447 /* XNProfileDetailCell.m */; };
		0477D73C1C91866F003C32DF /* Security.framework in Frameworks */ = {isa = PBXBuildFile; fileRef = 0477D73B1C91866F003C32DF /* Security.framework */; };
		0477D73E1C91867E003C32DF /* libiconv.tbd in Frameworks */ = {isa = PBXBuildFile; fileRef = 0477D73D1C91867E003C32DF /* libiconv.tbd */; };
		0477D7401C918688003C32DF /* SystemConfiguration.framework in Frameworks */ = {isa = PBXBuildFile; fileRef = 0477D73F1C918688003C32DF /* SystemConfiguration.framework */; };
		0477D7421C918695003C32DF /* CoreGraphics.framework in Frameworks */ = {isa = PBXBuildFile; fileRef = 0477D7411C918695003C32DF /* CoreGraphics.framework */; };
		0477D7441C9186A4003C32DF /* libsqlite3.tbd in Frameworks */ = {isa = PBXBuildFile; fileRef = 0477D7431C9186A4003C32DF /* libsqlite3.tbd */; };
		0477D7461C9186B1003C32DF /* CoreTelephony.framework in Frameworks */ = {isa = PBXBuildFile; fileRef = 0477D7451C9186B1003C32DF /* CoreTelephony.framework */; };
		0477D7481C9186BD003C32DF /* libstdc++.tbd in Frameworks */ = {isa = PBXBuildFile; fileRef = 0477D7471C9186BD003C32DF /* libstdc++.tbd */; };
		0477D74A1C9186CB003C32DF /* libz.tbd in Frameworks */ = {isa = PBXBuildFile; fileRef = 0477D7491C9186CB003C32DF /* libz.tbd */; };
		0477EA971C990C8C009F9394 /* XNProgressHUD.m in Sources */ = {isa = PBXBuildFile; fileRef = 0477EA961C990C8C009F9394 /* XNProgressHUD.m */; };
		047D328D1C93FB9D00CEEFC6 /* NetworkTools.m in Sources */ = {isa = PBXBuildFile; fileRef = 047D328C1C93FB9D00CEEFC6 /* NetworkTools.m */; };
		047D32931C94186E00CEEFC6 /* XNWeatherView.m in Sources */ = {isa = PBXBuildFile; fileRef = 047D32921C94186E00CEEFC6 /* XNWeatherView.m */; };
		0485784D1CBA6D2D00DA932E /* XNRepairsController.m in Sources */ = {isa = PBXBuildFile; fileRef = 0485784B1CBA6D2D00DA932E /* XNRepairsController.m */; };
		0485784E1CBA6D2D00DA932E /* XNRepairsController.xib in Resources */ = {isa = PBXBuildFile; fileRef = 0485784C1CBA6D2D00DA932E /* XNRepairsController.xib */; };
		049621E11C9D59EF0063AAAA /* XNPopViewController.m in Sources */ = {isa = PBXBuildFile; fileRef = 049621E01C9D59EF0063AAAA /* XNPopViewController.m */; };
		049D8E7A1CBA4921001D1C67 /* XNAboutViewController.m in Sources */ = {isa = PBXBuildFile; fileRef = 049D8E791CBA4921001D1C67 /* XNAboutViewController.m */; };
		049D8E7D1CBA4945001D1C67 /* XNAboutHeader.m in Sources */ = {isa = PBXBuildFile; fileRef = 049D8E7C1CBA4945001D1C67 /* XNAboutHeader.m */; };
		049D8E7F1CBA4950001D1C67 /* XNAboutHeader.xib in Resources */ = {isa = PBXBuildFile; fileRef = 049D8E7E1CBA4950001D1C67 /* XNAboutHeader.xib */; };
		049D8E821CBA5084001D1C67 /* XNHelpViewController.m in Sources */ = {isa = PBXBuildFile; fileRef = 049D8E811CBA5084001D1C67 /* XNHelpViewController.m */; };
		049D8E841CBA51BD001D1C67 /* XNCompseView.xib in Resources */ = {isa = PBXBuildFile; fileRef = 049D8E831CBA51BD001D1C67 /* XNCompseView.xib */; };
		049D8E881CBA5443001D1C67 /* XNComposeController.m in Sources */ = {isa = PBXBuildFile; fileRef = 049D8E861CBA5443001D1C67 /* XNComposeController.m */; };
		04A759481CABC1840051D223 /* UIButton+Extension.m in Sources */ = {isa = PBXBuildFile; fileRef = 04A759471CABC1840051D223 /* UIButton+Extension.m */; };
		04D1A7631CB96576001743E6 /* XNMineViewController.m in Sources */ = {isa = PBXBuildFile; fileRef = 04D1A7621CB96576001743E6 /* XNMineViewController.m */; };
		04D463661CAB84FB00C95E01 /* XNBlurEffectMenu.m in Sources */ = {isa = PBXBuildFile; fileRef = 04D463651CAB84FB00C95E01 /* XNBlurEffectMenu.m */; };
		04D463681CAB852300C95E01 /* XNProfileController.m in Sources */ = {isa = PBXBuildFile; fileRef = 04D463671CAB852300C95E01 /* XNProfileController.m */; };
		04F4D75E1CAE5B380080C7D2 /* XNUserManager.m in Sources */ = {isa = PBXBuildFile; fileRef = 04F4D75D1CAE5B380080C7D2 /* XNUserManager.m */; };
		04FEBB431C98584600FC5E79 /* XNDetailViewController.m in Sources */ = {isa = PBXBuildFile; fileRef = 04FEBB421C98584600FC5E79 /* XNDetailViewController.m */; };
		F84FB01BD5DFC15E9E1CA8A3 /* libPods-NICHelper.a in Frameworks */ = {isa = PBXBuildFile; fileRef = D89FB310D41FA4F5B3B1AA8A /* libPods-NICHelper.a */; };
/* End PBXBuildFile section */

/* Begin PBXFileReference section */
		040439D21C9EE7EE002137D7 /* XNLocationController.h */ = {isa = PBXFileReference; fileEncoding = 4; lastKnownFileType = sourcecode.c.h; path = XNLocationController.h; sourceTree = "<group>"; };
		040439D31C9EE7EE002137D7 /* XNLocationController.m */ = {isa = PBXFileReference; fileEncoding = 4; lastKnownFileType = sourcecode.c.objc; path = XNLocationController.m; sourceTree = "<group>"; };
		041173121C925CE7009AC6F9 /* NSString+XNTool.h */ = {isa = PBXFileReference; fileEncoding = 4; lastKnownFileType = sourcecode.c.h; name = "NSString+XNTool.h"; path = "../Tools/NSString+XNTool.h"; sourceTree = "<group>"; };
		041173131C925CE7009AC6F9 /* NSString+XNTool.m */ = {isa = PBXFileReference; fileEncoding = 4; lastKnownFileType = sourcecode.c.objc; name = "NSString+XNTool.m"; path = "../Tools/NSString+XNTool.m"; sourceTree = "<group>"; };
		0417F5F61C8DBA400071A6F0 /* XNColor.h */ = {isa = PBXFileReference; lastKnownFileType = sourcecode.c.h; path = XNColor.h; sourceTree = "<group>"; };
		0417F5F71C8DCF430071A6F0 /* XNMessage.h */ = {isa = PBXFileReference; fileEncoding = 4; lastKnownFileType = sourcecode.c.h; path = XNMessage.h; sourceTree = "<group>"; };
		0417F5F81C8DCF430071A6F0 /* XNMessage.m */ = {isa = PBXFileReference; fileEncoding = 4; lastKnownFileType = sourcecode.c.objc; path = XNMessage.m; sourceTree = "<group>"; };
		0417F5FA1C8DCF680071A6F0 /* XNMessageCell.h */ = {isa = PBXFileReference; fileEncoding = 4; lastKnownFileType = sourcecode.c.h; path = XNMessageCell.h; sourceTree = "<group>"; };
		0417F5FB1C8DCF680071A6F0 /* XNMessageCell.m */ = {isa = PBXFileReference; fileEncoding = 4; lastKnownFileType = sourcecode.c.objc; path = XNMessageCell.m; sourceTree = "<group>"; };
		0417F5FD1C8DE2EA0071A6F0 /* XNMessageView.h */ = {isa = PBXFileReference; fileEncoding = 4; lastKnownFileType = sourcecode.c.h; path = XNMessageView.h; sourceTree = "<group>"; };
		0417F5FE1C8DE2EA0071A6F0 /* XNMessageView.m */ = {isa = PBXFileReference; fileEncoding = 4; lastKnownFileType = sourcecode.c.objc; path = XNMessageView.m; sourceTree = "<group>"; };
		041E586D1C8EEA8E00E55132 /* UIView+Extension.h */ = {isa = PBXFileReference; fileEncoding = 4; lastKnownFileType = sourcecode.c.h; name = "UIView+Extension.h"; path = "../Tools/UIView+Extension.h"; sourceTree = "<group>"; };
		041E586E1C8EEA8E00E55132 /* UIView+Extension.m */ = {isa = PBXFileReference; fileEncoding = 4; lastKnownFileType = sourcecode.c.objc; name = "UIView+Extension.m"; path = "../Tools/UIView+Extension.m"; sourceTree = "<group>"; };
		041E58701C8EF09300E55132 /* Message.plist */ = {isa = PBXFileReference; fileEncoding = 4; lastKnownFileType = text.plist.xml; path = Message.plist; sourceTree = "<group>"; };
		042226251C97940D004F1140 /* NSArray+Log.h */ = {isa = PBXFileReference; fileEncoding = 4; lastKnownFileType = sourcecode.c.h; name = "NSArray+Log.h"; path = "../Tools/NSArray+Log.h"; sourceTree = "<group>"; };
		042226261C97940D004F1140 /* NSArray+Log.m */ = {isa = PBXFileReference; fileEncoding = 4; lastKnownFileType = sourcecode.c.objc; name = "NSArray+Log.m"; path = "../Tools/NSArray+Log.m"; sourceTree = "<group>"; };
		042711751C9581BE00E6EFBB /* Weather.json */ = {isa = PBXFileReference; fileEncoding = 4; lastKnownFileType = text.json; path = Weather.json; sourceTree = "<group>"; };
		042711771C95863100E6EFBB /* ShareManager.h */ = {isa = PBXFileReference; fileEncoding = 4; lastKnownFileType = sourcecode.c.h; path = ShareManager.h; sourceTree = "<group>"; };
		042711781C95863100E6EFBB /* ShareManager.m */ = {isa = PBXFileReference; fileEncoding = 4; lastKnownFileType = sourcecode.c.objc; path = ShareManager.m; sourceTree = "<group>"; };
		0438ABCC1CBA311F00D888F2 /* XNUserInfoModel.h */ = {isa = PBXFileReference; fileEncoding = 4; lastKnownFileType = sourcecode.c.h; path = XNUserInfoModel.h; sourceTree = "<group>"; };
		0438ABCD1CBA311F00D888F2 /* XNUserInfoModel.m */ = {isa = PBXFileReference; fileEncoding = 4; lastKnownFileType = sourcecode.c.objc; path = XNUserInfoModel.m; sourceTree = "<group>"; };
		0442186E1C93C20C008B1F50 /* XNCoverView.h */ = {isa = PBXFileReference; fileEncoding = 4; lastKnownFileType = sourcecode.c.h; path = XNCoverView.h; sourceTree = "<group>"; };
		0442186F1C93C20C008B1F50 /* XNCoverView.m */ = {isa = PBXFileReference; fileEncoding = 4; lastKnownFileType = sourcecode.c.objc; path = XNCoverView.m; sourceTree = "<group>"; };
		04529A151C8D9C400081CF4E /* NICHelper.app */ = {isa = PBXFileReference; explicitFileType = wrapper.application; includeInIndex = 0; path = NICHelper.app; sourceTree = BUILT_PRODUCTS_DIR; };
		04529A191C8D9C400081CF4E /* main.m */ = {isa = PBXFileReference; lastKnownFileType = sourcecode.c.objc; path = main.m; sourceTree = "<group>"; };
		04529A1B1C8D9C400081CF4E /* AppDelegate.h */ = {isa = PBXFileReference; lastKnownFileType = sourcecode.c.h; name = AppDelegate.h; path = ../../AppDelegate.h; sourceTree = "<group>"; };
		04529A1C1C8D9C400081CF4E /* AppDelegate.m */ = {isa = PBXFileReference; lastKnownFileType = sourcecode.c.objc; name = AppDelegate.m; path = ../../AppDelegate.m; sourceTree = "<group>"; };
		04529A241C8D9C400081CF4E /* Assets.xcassets */ = {isa = PBXFileReference; lastKnownFileType = folder.assetcatalog; path = Assets.xcassets; sourceTree = "<group>"; };
		04529A291C8D9C400081CF4E /* Info.plist */ = {isa = PBXFileReference; lastKnownFileType = text.plist.xml; path = Info.plist; sourceTree = "<group>"; };
		04529A391C8D9D3B0081CF4E /* XNBaseNavigationController.h */ = {isa = PBXFileReference; fileEncoding = 4; lastKnownFileType = sourcecode.c.h; path = XNBaseNavigationController.h; sourceTree = "<group>"; };
		04529A3A1C8D9D3B0081CF4E /* XNBaseNavigationController.m */ = {isa = PBXFileReference; fileEncoding = 4; lastKnownFileType = sourcecode.c.objc; path = XNBaseNavigationController.m; sourceTree = "<group>"; };
		04529A3B1C8D9D3B0081CF4E /* XNMainTabBarViewController.h */ = {isa = PBXFileReference; fileEncoding = 4; lastKnownFileType = sourcecode.c.h; path = XNMainTabBarViewController.h; sourceTree = "<group>"; };
		04529A3C1C8D9D3B0081CF4E /* XNMainTabBarViewController.m */ = {isa = PBXFileReference; fileEncoding = 4; lastKnownFileType = sourcecode.c.objc; path = XNMainTabBarViewController.m; sourceTree = "<group>"; };
		04529A421C8D9D3B0081CF4E /* XNMessageController.h */ = {isa = PBXFileReference; fileEncoding = 4; lastKnownFileType = sourcecode.c.h; path = XNMessageController.h; sourceTree = "<group>"; };
		04529A431C8D9D3B0081CF4E /* XNMessageController.m */ = {isa = PBXFileReference; fileEncoding = 4; lastKnownFileType = sourcecode.c.objc; path = XNMessageController.m; sourceTree = "<group>"; };
		04529A481C8D9D3B0081CF4E /* XNProfileController.h */ = {isa = PBXFileReference; fileEncoding = 4; lastKnownFileType = sourcecode.c.h; path = XNProfileController.h; sourceTree = "<group>"; };
		04529A551C8DA0FB0081CF4E /* XNDiscoverController.h */ = {isa = PBXFileReference; fileEncoding = 4; lastKnownFileType = sourcecode.c.h; path = XNDiscoverController.h; sourceTree = "<group>"; };
		04529A561C8DA0FB0081CF4E /* XNDiscoverController.m */ = {isa = PBXFileReference; fileEncoding = 4; lastKnownFileType = sourcecode.c.objc; path = XNDiscoverController.m; sourceTree = "<group>"; };
		0457160E1CB65B5E0030E924 /* XNMessageTool.h */ = {isa = PBXFileReference; fileEncoding = 4; lastKnownFileType = sourcecode.c.h; path = XNMessageTool.h; sourceTree = "<group>"; };
		0457160F1CB65B5E0030E924 /* XNMessageTool.m */ = {isa = PBXFileReference; fileEncoding = 4; lastKnownFileType = sourcecode.c.objc; path = XNMessageTool.m; sourceTree = "<group>"; };
		045716111CB66BAD0030E924 /* XNTableViewCell.h */ = {isa = PBXFileReference; fileEncoding = 4; lastKnownFileType = sourcecode.c.h; path = XNTableViewCell.h; sourceTree = "<group>"; };
		045716121CB66BAD0030E924 /* XNTableViewCell.m */ = {isa = PBXFileReference; fileEncoding = 4; lastKnownFileType = sourcecode.c.objc; path = XNTableViewCell.m; sourceTree = "<group>"; };
		046913701C959E7F00AA440D /* XNWeatherModel.h */ = {isa = PBXFileReference; fileEncoding = 4; lastKnownFileType = sourcecode.c.h; path = XNWeatherModel.h; sourceTree = "<group>"; };
		046913711C959E7F00AA440D /* XNWeatherModel.m */ = {isa = PBXFileReference; fileEncoding = 4; lastKnownFileType = sourcecode.c.objc; path = XNWeatherModel.m; sourceTree = "<group>"; };
		0473B5D41C9C3E33009DB447 /* Profile.plist */ = {isa = PBXFileReference; fileEncoding = 4; lastKnownFileType = text.plist.xml; path = Profile.plist; sourceTree = "<group>"; };
		0473B5D61C9C425E009DB447 /* XNCollectController.h */ = {isa = PBXFileReference; fileEncoding = 4; lastKnownFileType = sourcecode.c.h; path = XNCollectController.h; sourceTree = "<group>"; };
		0473B5D71C9C425E009DB447 /* XNCollectController.m */ = {isa = PBXFileReference; fileEncoding = 4; lastKnownFileType = sourcecode.c.objc; path = XNCollectController.m; sourceTree = "<group>"; };
		0473B5D91C9C4350009DB447 /* XNShakeViewController.h */ = {isa = PBXFileReference; fileEncoding = 4; lastKnownFileType = sourcecode.c.h; path = XNShakeViewController.h; sourceTree = "<group>"; };
		0473B5DA1C9C4350009DB447 /* XNShakeViewController.m */ = {isa = PBXFileReference; fileEncoding = 4; lastKnownFileType = sourcecode.c.objc; path = XNShakeViewController.m; sourceTree = "<group>"; };
		0473B5DC1C9C437F009DB447 /* XNScanViewController.h */ = {isa = PBXFileReference; fileEncoding = 4; lastKnownFileType = sourcecode.c.h; path = XNScanViewController.h; sourceTree = "<group>"; };
		0473B5DD1C9C437F009DB447 /* XNScanViewController.m */ = {isa = PBXFileReference; fileEncoding = 4; lastKnownFileType = sourcecode.c.objc; path = XNScanViewController.m; sourceTree = "<group>"; };
		0473B5DF1C9C4C4A009DB447 /* XNProfileCell.h */ = {isa = PBXFileReference; fileEncoding = 4; lastKnownFileType = sourcecode.c.h; path = XNProfileCell.h; sourceTree = "<group>"; };
		0473B5E01C9C4C4A009DB447 /* XNProfileCell.m */ = {isa = PBXFileReference; fileEncoding = 4; lastKnownFileType = sourcecode.c.objc; path = XNProfileCell.m; sourceTree = "<group>"; };
		0473B5E21C9C5004009DB447 /* XNProfileDetailCell.h */ = {isa = PBXFileReference; fileEncoding = 4; lastKnownFileType = sourcecode.c.h; path = XNProfileDetailCell.h; sourceTree = "<group>"; };
		0473B5E31C9C5004009DB447 /* XNProfileDetailCell.m */ = {isa = PBXFileReference; fileEncoding = 4; lastKnownFileType = sourcecode.c.objc; path = XNProfileDetailCell.m; sourceTree = "<group>"; };
		0477D73B1C91866F003C32DF /* Security.framework */ = {isa = PBXFileReference; lastKnownFileType = wrapper.framework; name = Security.framework; path = System/Library/Frameworks/Security.framework; sourceTree = SDKROOT; };
		0477D73D1C91867E003C32DF /* libiconv.tbd */ = {isa = PBXFileReference; lastKnownFileType = "sourcecode.text-based-dylib-definition"; name = libiconv.tbd; path = usr/lib/libiconv.tbd; sourceTree = SDKROOT; };
		0477D73F1C918688003C32DF /* SystemConfiguration.framework */ = {isa = PBXFileReference; lastKnownFileType = wrapper.framework; name = SystemConfiguration.framework; path = System/Library/Frameworks/SystemConfiguration.framework; sourceTree = SDKROOT; };
		0477D7411C918695003C32DF /* CoreGraphics.framework */ = {isa = PBXFileReference; lastKnownFileType = wrapper.framework; name = CoreGraphics.framework; path = System/Library/Frameworks/CoreGraphics.framework; sourceTree = SDKROOT; };
		0477D7431C9186A4003C32DF /* libsqlite3.tbd */ = {isa = PBXFileReference; lastKnownFileType = "sourcecode.text-based-dylib-definition"; name = libsqlite3.tbd; path = usr/lib/libsqlite3.tbd; sourceTree = SDKROOT; };
		0477D7451C9186B1003C32DF /* CoreTelephony.framework */ = {isa = PBXFileReference; lastKnownFileType = wrapper.framework; name = CoreTelephony.framework; path = System/Library/Frameworks/CoreTelephony.framework; sourceTree = SDKROOT; };
		0477D7471C9186BD003C32DF /* libstdc++.tbd */ = {isa = PBXFileReference; lastKnownFileType = "sourcecode.text-based-dylib-definition"; name = "libstdc++.tbd"; path = "usr/lib/libstdc++.tbd"; sourceTree = SDKROOT; };
		0477D7491C9186CB003C32DF /* libz.tbd */ = {isa = PBXFileReference; lastKnownFileType = "sourcecode.text-based-dylib-definition"; name = libz.tbd; path = usr/lib/libz.tbd; sourceTree = SDKROOT; };
		0477EA951C990C8C009F9394 /* XNProgressHUD.h */ = {isa = PBXFileReference; fileEncoding = 4; lastKnownFileType = sourcecode.c.h; path = XNProgressHUD.h; sourceTree = "<group>"; };
		0477EA961C990C8C009F9394 /* XNProgressHUD.m */ = {isa = PBXFileReference; fileEncoding = 4; lastKnownFileType = sourcecode.c.objc; path = XNProgressHUD.m; sourceTree = "<group>"; };
		047D328B1C93FB9D00CEEFC6 /* NetworkTools.h */ = {isa = PBXFileReference; fileEncoding = 4; lastKnownFileType = sourcecode.c.h; path = NetworkTools.h; sourceTree = "<group>"; };
		047D328C1C93FB9D00CEEFC6 /* NetworkTools.m */ = {isa = PBXFileReference; fileEncoding = 4; lastKnownFileType = sourcecode.c.objc; path = NetworkTools.m; sourceTree = "<group>"; };
		047D32911C94186E00CEEFC6 /* XNWeatherView.h */ = {isa = PBXFileReference; fileEncoding = 4; lastKnownFileType = sourcecode.c.h; path = XNWeatherView.h; sourceTree = "<group>"; };
		047D32921C94186E00CEEFC6 /* XNWeatherView.m */ = {isa = PBXFileReference; fileEncoding = 4; lastKnownFileType = sourcecode.c.objc; path = XNWeatherView.m; sourceTree = "<group>"; };
		0485784A1CBA6D2D00DA932E /* XNRepairsController.h */ = {isa = PBXFileReference; fileEncoding = 4; lastKnownFileType = sourcecode.c.h; path = XNRepairsController.h; sourceTree = "<group>"; };
		0485784B1CBA6D2D00DA932E /* XNRepairsController.m */ = {isa = PBXFileReference; fileEncoding = 4; lastKnownFileType = sourcecode.c.objc; path = XNRepairsController.m; sourceTree = "<group>"; };
		0485784C1CBA6D2D00DA932E /* XNRepairsController.xib */ = {isa = PBXFileReference; fileEncoding = 4; lastKnownFileType = file.xib; path = XNRepairsController.xib; sourceTree = "<group>"; };
		048991291CAD048900B572BF /* LeanCloud.pch */ = {isa = PBXFileReference; lastKnownFileType = sourcecode.c.h; path = LeanCloud.pch; sourceTree = "<group>"; };
		049621DF1C9D59EF0063AAAA /* XNPopViewController.h */ = {isa = PBXFileReference; fileEncoding = 4; lastKnownFileType = sourcecode.c.h; path = XNPopViewController.h; sourceTree = "<group>"; };
		049621E01C9D59EF0063AAAA /* XNPopViewController.m */ = {isa = PBXFileReference; fileEncoding = 4; lastKnownFileType = sourcecode.c.objc; path = XNPopViewController.m; sourceTree = "<group>"; };
		049D8E781CBA4921001D1C67 /* XNAboutViewController.h */ = {isa = PBXFileReference; fileEncoding = 4; lastKnownFileType = sourcecode.c.h; path = XNAboutViewController.h; sourceTree = "<group>"; };
		049D8E791CBA4921001D1C67 /* XNAboutViewController.m */ = {isa = PBXFileReference; fileEncoding = 4; lastKnownFileType = sourcecode.c.objc; path = XNAboutViewController.m; sourceTree = "<group>"; };
		049D8E7B1CBA4945001D1C67 /* XNAboutHeader.h */ = {isa = PBXFileReference; fileEncoding = 4; lastKnownFileType = sourcecode.c.h; path = XNAboutHeader.h; sourceTree = "<group>"; };
		049D8E7C1CBA4945001D1C67 /* XNAboutHeader.m */ = {isa = PBXFileReference; fileEncoding = 4; lastKnownFileType = sourcecode.c.objc; path = XNAboutHeader.m; sourceTree = "<group>"; };
		049D8E7E1CBA4950001D1C67 /* XNAboutHeader.xib */ = {isa = PBXFileReference; fileEncoding = 4; lastKnownFileType = file.xib; path = XNAboutHeader.xib; sourceTree = "<group>"; };
		049D8E801CBA5084001D1C67 /* XNHelpViewController.h */ = {isa = PBXFileReference; fileEncoding = 4; lastKnownFileType = sourcecode.c.h; path = XNHelpViewController.h; sourceTree = "<group>"; };
		049D8E811CBA5084001D1C67 /* XNHelpViewController.m */ = {isa = PBXFileReference; fileEncoding = 4; lastKnownFileType = sourcecode.c.objc; path = XNHelpViewController.m; sourceTree = "<group>"; };
		049D8E831CBA51BD001D1C67 /* XNCompseView.xib */ = {isa = PBXFileReference; fileEncoding = 4; lastKnownFileType = file.xib; path = XNCompseView.xib; sourceTree = "<group>"; };
		049D8E851CBA5443001D1C67 /* XNComposeController.h */ = {isa = PBXFileReference; fileEncoding = 4; lastKnownFileType = sourcecode.c.h; path = XNComposeController.h; sourceTree = "<group>"; };
		049D8E861CBA5443001D1C67 /* XNComposeController.m */ = {isa = PBXFileReference; fileEncoding = 4; lastKnownFileType = sourcecode.c.objc; path = XNComposeController.m; sourceTree = "<group>"; };
		04A759461CABC1840051D223 /* UIButton+Extension.h */ = {isa = PBXFileReference; fileEncoding = 4; lastKnownFileType = sourcecode.c.h; name = "UIButton+Extension.h"; path = "../Tools/UIButton+Extension.h"; sourceTree = "<group>"; };
		04A759471CABC1840051D223 /* UIButton+Extension.m */ = {isa = PBXFileReference; fileEncoding = 4; lastKnownFileType = sourcecode.c.objc; name = "UIButton+Extension.m"; path = "../Tools/UIButton+Extension.m"; sourceTree = "<group>"; };
		04D1A7611CB96576001743E6 /* XNMineViewController.h */ = {isa = PBXFileReference; fileEncoding = 4; lastKnownFileType = sourcecode.c.h; path = XNMineViewController.h; sourceTree = "<group>"; };
		04D1A7621CB96576001743E6 /* XNMineViewController.m */ = {isa = PBXFileReference; fileEncoding = 4; lastKnownFileType = sourcecode.c.objc; path = XNMineViewController.m; sourceTree = "<group>"; };
		04D463641CAB84FB00C95E01 /* XNBlurEffectMenu.h */ = {isa = PBXFileReference; fileEncoding = 4; lastKnownFileType = sourcecode.c.h; path = XNBlurEffectMenu.h; sourceTree = "<group>"; };
		04D463651CAB84FB00C95E01 /* XNBlurEffectMenu.m */ = {isa = PBXFileReference; fileEncoding = 4; lastKnownFileType = sourcecode.c.objc; path = XNBlurEffectMenu.m; sourceTree = "<group>"; };
		04D463671CAB852300C95E01 /* XNProfileController.m */ = {isa = PBXFileReference; fileEncoding = 4; lastKnownFileType = sourcecode.c.objc; path = XNProfileController.m; sourceTree = "<group>"; };
		04F4D75C1CAE5B380080C7D2 /* XNUserManager.h */ = {isa = PBXFileReference; fileEncoding = 4; lastKnownFileType = sourcecode.c.h; path = XNUserManager.h; sourceTree = "<group>"; };
		04F4D75D1CAE5B380080C7D2 /* XNUserManager.m */ = {isa = PBXFileReference; fileEncoding = 4; lastKnownFileType = sourcecode.c.objc; path = XNUserManager.m; sourceTree = "<group>"; };
		04FEBB411C98584600FC5E79 /* XNDetailViewController.h */ = {isa = PBXFileReference; fileEncoding = 4; lastKnownFileType = sourcecode.c.h; path = XNDetailViewController.h; sourceTree = "<group>"; };
		04FEBB421C98584600FC5E79 /* XNDetailViewController.m */ = {isa = PBXFileReference; fileEncoding = 4; lastKnownFileType = sourcecode.c.objc; path = XNDetailViewController.m; sourceTree = "<group>"; };
		0FB5A7758DDA5DD0D4598680 /* Pods-NICHelper.debug.xcconfig */ = {isa = PBXFileReference; includeInIndex = 1; lastKnownFileType = text.xcconfig; name = "Pods-NICHelper.debug.xcconfig"; path = "Pods/Target Support Files/Pods-NICHelper/Pods-NICHelper.debug.xcconfig"; sourceTree = "<group>"; };
		3D375FE0AE9D5F211C4C51CA /* Pods-NICHelper.release.xcconfig */ = {isa = PBXFileReference; includeInIndex = 1; lastKnownFileType = text.xcconfig; name = "Pods-NICHelper.release.xcconfig"; path = "Pods/Target Support Files/Pods-NICHelper/Pods-NICHelper.release.xcconfig"; sourceTree = "<group>"; };
		D89FB310D41FA4F5B3B1AA8A /* libPods-NICHelper.a */ = {isa = PBXFileReference; explicitFileType = archive.ar; includeInIndex = 0; path = "libPods-NICHelper.a"; sourceTree = BUILT_PRODUCTS_DIR; };
/* End PBXFileReference section */

/* Begin PBXFrameworksBuildPhase section */
		04529A121C8D9C400081CF4E /* Frameworks */ = {
			isa = PBXFrameworksBuildPhase;
			buildActionMask = 2147483647;
			files = (
				0477D74A1C9186CB003C32DF /* libz.tbd in Frameworks */,
				0477D7481C9186BD003C32DF /* libstdc++.tbd in Frameworks */,
				0477D7461C9186B1003C32DF /* CoreTelephony.framework in Frameworks */,
				0477D7441C9186A4003C32DF /* libsqlite3.tbd in Frameworks */,
				0477D7421C918695003C32DF /* CoreGraphics.framework in Frameworks */,
				0477D7401C918688003C32DF /* SystemConfiguration.framework in Frameworks */,
				0477D73E1C91867E003C32DF /* libiconv.tbd in Frameworks */,
				0477D73C1C91866F003C32DF /* Security.framework in Frameworks */,
				F84FB01BD5DFC15E9E1CA8A3 /* libPods-NICHelper.a in Frameworks */,
			);
			runOnlyForDeploymentPostprocessing = 0;
		};
/* End PBXFrameworksBuildPhase section */

/* Begin PBXGroup section */
		04529A0C1C8D9C400081CF4E = {
			isa = PBXGroup;
			children = (
				04529A171C8D9C400081CF4E /* NICHelper */,
				04529A161C8D9C400081CF4E /* Products */,
				0AF9D912A5E122598A85BA86 /* Pods */,
				15C31103A5BDBB308566E4DE /* Frameworks */,
			);
			sourceTree = "<group>";
		};
		04529A161C8D9C400081CF4E /* Products */ = {
			isa = PBXGroup;
			children = (
				04529A151C8D9C400081CF4E /* NICHelper.app */,
			);
			name = Products;
			sourceTree = "<group>";
		};
		04529A171C8D9C400081CF4E /* NICHelper */ = {
			isa = PBXGroup;
			children = (
				04529A2F1C8D9D3B0081CF4E /* Common */,
				04529A511C8DA0C00081CF4E /* Discover */,
				04529A371C8D9D3B0081CF4E /* Main */,
				04529A401C8D9D3B0081CF4E /* Message */,
				04529A461C8D9D3B0081CF4E /* Profile */,
				04529A181C8D9C400081CF4E /* Supporting Files */,
			);
			path = NICHelper;
			sourceTree = "<group>";
		};
		04529A181C8D9C400081CF4E /* Supporting Files */ = {
			isa = PBXGroup;
			children = (
				04529A241C8D9C400081CF4E /* Assets.xcassets */,
				04529A291C8D9C400081CF4E /* Info.plist */,
				04529A191C8D9C400081CF4E /* main.m */,
				041E58701C8EF09300E55132 /* Message.plist */,
				042711751C9581BE00E6EFBB /* Weather.json */,
				0473B5D41C9C3E33009DB447 /* Profile.plist */,
			);
			name = "Supporting Files";
			sourceTree = "<group>";
		};
		04529A2F1C8D9D3B0081CF4E /* Common */ = {
			isa = PBXGroup;
			children = (
				04AA98051CB8AA970087410F /* Category */,
				047D328A1C93FB3000CEEFC6 /* HTTP */,
				04EBA4BC1C931EE500BAEDA5 /* Lib */,
				04529A301C8D9D3B0081CF4E /* Tools */,
			);
			path = Common;
			sourceTree = "<group>";
		};
		04529A301C8D9D3B0081CF4E /* Tools */ = {
			isa = PBXGroup;
			children = (
				0417F5F61C8DBA400071A6F0 /* XNColor.h */,
				042711771C95863100E6EFBB /* ShareManager.h */,
				042711781C95863100E6EFBB /* ShareManager.m */,
				0477EA951C990C8C009F9394 /* XNProgressHUD.h */,
				0477EA961C990C8C009F9394 /* XNProgressHUD.m */,
			);
			path = Tools;
			sourceTree = "<group>";
		};
		04529A371C8D9D3B0081CF4E /* Main */ = {
			isa = PBXGroup;
			children = (
				04529A381C8D9D3B0081CF4E /* Controller */,
				04529A3D1C8D9D3B0081CF4E /* Model */,
				04529A3E1C8D9D3B0081CF4E /* Other */,
				04529A3F1C8D9D3B0081CF4E /* View */,
			);
			path = Main;
			sourceTree = "<group>";
		};
		04529A381C8D9D3B0081CF4E /* Controller */ = {
			isa = PBXGroup;
			children = (
				04529A391C8D9D3B0081CF4E /* XNBaseNavigationController.h */,
				04529A3A1C8D9D3B0081CF4E /* XNBaseNavigationController.m */,
				04529A3B1C8D9D3B0081CF4E /* XNMainTabBarViewController.h */,
				04529A3C1C8D9D3B0081CF4E /* XNMainTabBarViewController.m */,
			);
			path = Controller;
			sourceTree = "<group>";
		};
		04529A3D1C8D9D3B0081CF4E /* Model */ = {
			isa = PBXGroup;
			children = (
			);
			path = Model;
			sourceTree = "<group>";
		};
		04529A3E1C8D9D3B0081CF4E /* Other */ = {
			isa = PBXGroup;
			children = (
				04529A1B1C8D9C400081CF4E /* AppDelegate.h */,
				04529A1C1C8D9C400081CF4E /* AppDelegate.m */,
				048991291CAD048900B572BF /* LeanCloud.pch */,
			);
			path = Other;
			sourceTree = "<group>";
		};
		04529A3F1C8D9D3B0081CF4E /* View */ = {
			isa = PBXGroup;
			children = (
			);
			path = View;
			sourceTree = "<group>";
		};
		04529A401C8D9D3B0081CF4E /* Message */ = {
			isa = PBXGroup;
			children = (
				0457160D1CB65B4D0030E924 /* Tool */,
				04529A411C8D9D3B0081CF4E /* Controller */,
				04529A441C8D9D3B0081CF4E /* Model */,
				04529A451C8D9D3B0081CF4E /* View */,
			);
			path = Message;
			sourceTree = "<group>";
		};
		04529A411C8D9D3B0081CF4E /* Controller */ = {
			isa = PBXGroup;
			children = (
				04529A421C8D9D3B0081CF4E /* XNMessageController.h */,
				04529A431C8D9D3B0081CF4E /* XNMessageController.m */,
				04FEBB411C98584600FC5E79 /* XNDetailViewController.h */,
				04FEBB421C98584600FC5E79 /* XNDetailViewController.m */,
				049621DF1C9D59EF0063AAAA /* XNPopViewController.h */,
				049621E01C9D59EF0063AAAA /* XNPopViewController.m */,
				0485784A1CBA6D2D00DA932E /* XNRepairsController.h */,
				0485784B1CBA6D2D00DA932E /* XNRepairsController.m */,
				0485784C1CBA6D2D00DA932E /* XNRepairsController.xib */,
				049D8E851CBA5443001D1C67 /* XNComposeController.h */,
				049D8E861CBA5443001D1C67 /* XNComposeController.m */,
			);
			path = Controller;
			sourceTree = "<group>";
		};
		04529A441C8D9D3B0081CF4E /* Model */ = {
			isa = PBXGroup;
			children = (
				0417F5F71C8DCF430071A6F0 /* XNMessage.h */,
				0417F5F81C8DCF430071A6F0 /* XNMessage.m */,
			);
			path = Model;
			sourceTree = "<group>";
		};
		04529A451C8D9D3B0081CF4E /* View */ = {
			isa = PBXGroup;
			children = (
				045716111CB66BAD0030E924 /* XNTableViewCell.h */,
				045716121CB66BAD0030E924 /* XNTableViewCell.m */,
				0417F5FA1C8DCF680071A6F0 /* XNMessageCell.h */,
				0417F5FB1C8DCF680071A6F0 /* XNMessageCell.m */,
				0417F5FD1C8DE2EA0071A6F0 /* XNMessageView.h */,
				0417F5FE1C8DE2EA0071A6F0 /* XNMessageView.m */,
				049D8E831CBA51BD001D1C67 /* XNCompseView.xib */,
			);
			path = View;
			sourceTree = "<group>";
		};
		04529A461C8D9D3B0081CF4E /* Profile */ = {
			isa = PBXGroup;
			children = (
				04F4D75B1CAE5AC40080C7D2 /* Tools */,
				04529A471C8D9D3B0081CF4E /* Controller */,
				04529A4A1C8D9D3B0081CF4E /* Model */,
				04529A4B1C8D9D3B0081CF4E /* View */,
			);
			path = Profile;
			sourceTree = "<group>";
		};
		04529A471C8D9D3B0081CF4E /* Controller */ = {
			isa = PBXGroup;
			children = (
				04529A481C8D9D3B0081CF4E /* XNProfileController.h */,
				04D463671CAB852300C95E01 /* XNProfileController.m */,
				04D463641CAB84FB00C95E01 /* XNBlurEffectMenu.h */,
				04D463651CAB84FB00C95E01 /* XNBlurEffectMenu.m */,
				04D1A7611CB96576001743E6 /* XNMineViewController.h */,
				04D1A7621CB96576001743E6 /* XNMineViewController.m */,
				0473B5D61C9C425E009DB447 /* XNCollectController.h */,
				0473B5D71C9C425E009DB447 /* XNCollectController.m */,
				0473B5D91C9C4350009DB447 /* XNShakeViewController.h */,
				0473B5DA1C9C4350009DB447 /* XNShakeViewController.m */,
				0473B5DC1C9C437F009DB447 /* XNScanViewController.h */,
				0473B5DD1C9C437F009DB447 /* XNScanViewController.m */,
				049D8E781CBA4921001D1C67 /* XNAboutViewController.h */,
				049D8E791CBA4921001D1C67 /* XNAboutViewController.m */,
				049D8E801CBA5084001D1C67 /* XNHelpViewController.h */,
				049D8E811CBA5084001D1C67 /* XNHelpViewController.m */,
			);
			path = Controller;
			sourceTree = "<group>";
		};
		04529A4A1C8D9D3B0081CF4E /* Model */ = {
			isa = PBXGroup;
			children = (
				0438ABCC1CBA311F00D888F2 /* XNUserInfoModel.h */,
				0438ABCD1CBA311F00D888F2 /* XNUserInfoModel.m */,
			);
			path = Model;
			sourceTree = "<group>";
		};
		04529A4B1C8D9D3B0081CF4E /* View */ = {
			isa = PBXGroup;
			children = (
				0473B5DF1C9C4C4A009DB447 /* XNProfileCell.h */,
				0473B5E01C9C4C4A009DB447 /* XNProfileCell.m */,
				0473B5E21C9C5004009DB447 /* XNProfileDetailCell.h */,
				0473B5E31C9C5004009DB447 /* XNProfileDetailCell.m */,
				049D8E7B1CBA4945001D1C67 /* XNAboutHeader.h */,
				049D8E7C1CBA4945001D1C67 /* XNAboutHeader.m */,
				049D8E7E1CBA4950001D1C67 /* XNAboutHeader.xib */,
			);
			path = View;
			sourceTree = "<group>";
		};
		04529A511C8DA0C00081CF4E /* Discover */ = {
			isa = PBXGroup;
			children = (
				04529A521C8DA0C00081CF4E /* Controller */,
				04529A531C8DA0C00081CF4E /* Model */,
				04529A541C8DA0C00081CF4E /* View */,
			);
			path = Discover;
			sourceTree = "<group>";
		};
		04529A521C8DA0C00081CF4E /* Controller */ = {
			isa = PBXGroup;
			children = (
				04529A551C8DA0FB0081CF4E /* XNDiscoverController.h */,
				04529A561C8DA0FB0081CF4E /* XNDiscoverController.m */,
				040439D21C9EE7EE002137D7 /* XNLocationController.h */,
				040439D31C9EE7EE002137D7 /* XNLocationController.m */,
			);
			path = Controller;
			sourceTree = "<group>";
		};
		04529A531C8DA0C00081CF4E /* Model */ = {
			isa = PBXGroup;
			children = (
				046913701C959E7F00AA440D /* XNWeatherModel.h */,
				046913711C959E7F00AA440D /* XNWeatherModel.m */,
			);
			path = Model;
			sourceTree = "<group>";
		};
		04529A541C8DA0C00081CF4E /* View */ = {
			isa = PBXGroup;
			children = (
				0442186E1C93C20C008B1F50 /* XNCoverView.h */,
				0442186F1C93C20C008B1F50 /* XNCoverView.m */,
				047D32911C94186E00CEEFC6 /* XNWeatherView.h */,
				047D32921C94186E00CEEFC6 /* XNWeatherView.m */,
			);
			path = View;
			sourceTree = "<group>";
		};
		0457160D1CB65B4D0030E924 /* Tool */ = {
			isa = PBXGroup;
			children = (
				0457160E1CB65B5E0030E924 /* XNMessageTool.h */,
				0457160F1CB65B5E0030E924 /* XNMessageTool.m */,
			);
			path = Tool;
			sourceTree = "<group>";
		};
		047D328A1C93FB3000CEEFC6 /* HTTP */ = {
			isa = PBXGroup;
			children = (
				047D328B1C93FB9D00CEEFC6 /* NetworkTools.h */,
				047D328C1C93FB9D00CEEFC6 /* NetworkTools.m */,
			);
			path = HTTP;
			sourceTree = "<group>";
		};
		04AA98051CB8AA970087410F /* Category */ = {
			isa = PBXGroup;
			children = (
				042226251C97940D004F1140 /* NSArray+Log.h */,
				042226261C97940D004F1140 /* NSArray+Log.m */,
				041173121C925CE7009AC6F9 /* NSString+XNTool.h */,
				041173131C925CE7009AC6F9 /* NSString+XNTool.m */,
				041E586D1C8EEA8E00E55132 /* UIView+Extension.h */,
				041E586E1C8EEA8E00E55132 /* UIView+Extension.m */,
				04A759461CABC1840051D223 /* UIButton+Extension.h */,
				04A759471CABC1840051D223 /* UIButton+Extension.m */,
			);
			path = Category;
			sourceTree = "<group>";
		};
		04EBA4BC1C931EE500BAEDA5 /* Lib */ = {
			isa = PBXGroup;
			children = (
			);
			path = Lib;
			sourceTree = "<group>";
		};
		04F4D75B1CAE5AC40080C7D2 /* Tools */ = {
			isa = PBXGroup;
			children = (
				04F4D75C1CAE5B380080C7D2 /* XNUserManager.h */,
				04F4D75D1CAE5B380080C7D2 /* XNUserManager.m */,
			);
			path = Tools;
			sourceTree = "<group>";
		};
		0AF9D912A5E122598A85BA86 /* Pods */ = {
			isa = PBXGroup;
			children = (
				0FB5A7758DDA5DD0D4598680 /* Pods-NICHelper.debug.xcconfig */,
				3D375FE0AE9D5F211C4C51CA /* Pods-NICHelper.release.xcconfig */,
			);
			name = Pods;
			sourceTree = "<group>";
		};
		15C31103A5BDBB308566E4DE /* Frameworks */ = {
			isa = PBXGroup;
			children = (
				0477D7491C9186CB003C32DF /* libz.tbd */,
				0477D7471C9186BD003C32DF /* libstdc++.tbd */,
				0477D7451C9186B1003C32DF /* CoreTelephony.framework */,
				0477D7431C9186A4003C32DF /* libsqlite3.tbd */,
				0477D7411C918695003C32DF /* CoreGraphics.framework */,
				0477D73F1C918688003C32DF /* SystemConfiguration.framework */,
				0477D73D1C91867E003C32DF /* libiconv.tbd */,
				0477D73B1C91866F003C32DF /* Security.framework */,
				D89FB310D41FA4F5B3B1AA8A /* libPods-NICHelper.a */,
			);
			name = Frameworks;
			sourceTree = "<group>";
		};
/* End PBXGroup section */

/* Begin PBXNativeTarget section */
		04529A141C8D9C400081CF4E /* NICHelper */ = {
			isa = PBXNativeTarget;
			buildConfigurationList = 04529A2C1C8D9C400081CF4E /* Build configuration list for PBXNativeTarget "NICHelper" */;
			buildPhases = (
				00D905C78C993A44C9AD5F20 /* Check Pods Manifest.lock */,
				04529A111C8D9C400081CF4E /* Sources */,
				04529A121C8D9C400081CF4E /* Frameworks */,
				04529A131C8D9C400081CF4E /* Resources */,
				3C7A0949218F8E6656EAEC01 /* Embed Pods Frameworks */,
				3BFC20982A04A481F7EE6277 /* Copy Pods Resources */,
			);
			buildRules = (
			);
			dependencies = (
			);
			name = NICHelper;
			productName = NICHelper;
			productReference = 04529A151C8D9C400081CF4E /* NICHelper.app */;
			productType = "com.apple.product-type.application";
		};
/* End PBXNativeTarget section */

/* Begin PBXProject section */
		04529A0D1C8D9C400081CF4E /* Project object */ = {
			isa = PBXProject;
			attributes = {
				CLASSPREFIX = XN;
				LastUpgradeCheck = 0720;
				ORGANIZATIONNAME = Hsu;
				TargetAttributes = {
					04529A141C8D9C400081CF4E = {
						CreatedOnToolsVersion = 7.2;
						DevelopmentTeam = J7H6SN66AX;
					};
				};
			};
			buildConfigurationList = 04529A101C8D9C400081CF4E /* Build configuration list for PBXProject "NICHelper" */;
			compatibilityVersion = "Xcode 3.2";
			developmentRegion = English;
			hasScannedForEncodings = 0;
			knownRegions = (
				en,
				Base,
				"zh-Hans",
			);
			mainGroup = 04529A0C1C8D9C400081CF4E;
			productRefGroup = 04529A161C8D9C400081CF4E /* Products */;
			projectDirPath = "";
			projectRoot = "";
			targets = (
				04529A141C8D9C400081CF4E /* NICHelper */,
			);
		};
/* End PBXProject section */

/* Begin PBXResourcesBuildPhase section */
		04529A131C8D9C400081CF4E /* Resources */ = {
			isa = PBXResourcesBuildPhase;
			buildActionMask = 2147483647;
			files = (
				0485784E1CBA6D2D00DA932E /* XNRepairsController.xib in Resources */,
				0473B5D51C9C3E33009DB447 /* Profile.plist in Resources */,
				041E58711C8EF09300E55132 /* Message.plist in Resources */,
				042711761C9581BE00E6EFBB /* Weather.json in Resources */,
				04529A251C8D9C400081CF4E /* Assets.xcassets in Resources */,
				049D8E7F1CBA4950001D1C67 /* XNAboutHeader.xib in Resources */,
				049D8E841CBA51BD001D1C67 /* XNCompseView.xib in Resources */,
			);
			runOnlyForDeploymentPostprocessing = 0;
		};
/* End PBXResourcesBuildPhase section */

/* Begin PBXShellScriptBuildPhase section */
		00D905C78C993A44C9AD5F20 /* Check Pods Manifest.lock */ = {
			isa = PBXShellScriptBuildPhase;
			buildActionMask = 2147483647;
			files = (
			);
			inputPaths = (
			);
			name = "Check Pods Manifest.lock";
			outputPaths = (
			);
			runOnlyForDeploymentPostprocessing = 0;
			shellPath = /bin/sh;
			shellScript = "diff \"${PODS_ROOT}/../Podfile.lock\" \"${PODS_ROOT}/Manifest.lock\" > /dev/null\nif [[ $? != 0 ]] ; then\n    cat << EOM\nerror: The sandbox is not in sync with the Podfile.lock. Run 'pod install' or update your CocoaPods installation.\nEOM\n    exit 1\nfi\n";
			showEnvVarsInLog = 0;
		};
		3BFC20982A04A481F7EE6277 /* Copy Pods Resources */ = {
			isa = PBXShellScriptBuildPhase;
			buildActionMask = 2147483647;
			files = (
			);
			inputPaths = (
			);
			name = "Copy Pods Resources";
			outputPaths = (
			);
			runOnlyForDeploymentPostprocessing = 0;
			shellPath = /bin/sh;
			shellScript = "\"${SRCROOT}/Pods/Target Support Files/Pods-NICHelper/Pods-NICHelper-resources.sh\"\n";
			showEnvVarsInLog = 0;
		};
		3C7A0949218F8E6656EAEC01 /* Embed Pods Frameworks */ = {
			isa = PBXShellScriptBuildPhase;
			buildActionMask = 2147483647;
			files = (
			);
			inputPaths = (
			);
			name = "Embed Pods Frameworks";
			outputPaths = (
			);
			runOnlyForDeploymentPostprocessing = 0;
			shellPath = /bin/sh;
			shellScript = "\"${SRCROOT}/Pods/Target Support Files/Pods-NICHelper/Pods-NICHelper-frameworks.sh\"\n";
			showEnvVarsInLog = 0;
		};
/* End PBXShellScriptBuildPhase section */

/* Begin PBXSourcesBuildPhase section */
		04529A111C8D9C400081CF4E /* Sources */ = {
			isa = PBXSourcesBuildPhase;
			buildActionMask = 2147483647;
			files = (
				0417F5F91C8DCF430071A6F0 /* XNMessage.m in Sources */,
				04D463681CAB852300C95E01 /* XNProfileController.m in Sources */,
				04529A4D1C8D9D3B0081CF4E /* XNBaseNavigationController.m in Sources */,
				042711791C95863100E6EFBB /* ShareManager.m in Sources */,
				0417F5FF1C8DE2EA0071A6F0 /* XNMessageView.m in Sources */,
				0473B5E11C9C4C4A009DB447 /* XNProfileCell.m in Sources */,
				042226271C97940D004F1140 /* NSArray+Log.m in Sources */,
				0417F5FC1C8DCF680071A6F0 /* XNMessageCell.m in Sources */,
				046913721C959E7F00AA440D /* XNWeatherModel.m in Sources */,
				04529A571C8DA0FB0081CF4E /* XNDiscoverController.m in Sources */,
				0473B5D81C9C425E009DB447 /* XNCollectController.m in Sources */,
				047D328D1C93FB9D00CEEFC6 /* NetworkTools.m in Sources */,
				0477EA971C990C8C009F9394 /* XNProgressHUD.m in Sources */,
				0473B5DE1C9C437F009DB447 /* XNScanViewController.m in Sources */,
				041173141C925CE7009AC6F9 /* NSString+XNTool.m in Sources */,
				041E586F1C8EEA8E00E55132 /* UIView+Extension.m in Sources */,
				0473B5E41C9C5004009DB447 /* XNProfileDetailCell.m in Sources */,
				04FEBB431C98584600FC5E79 /* XNDetailViewController.m in Sources */,
				0485784D1CBA6D2D00DA932E /* XNRepairsController.m in Sources */,
				045716101CB65B5E0030E924 /* XNMessageTool.m in Sources */,
				04529A4F1C8D9D3B0081CF4E /* XNMessageController.m in Sources */,
				04F4D75E1CAE5B380080C7D2 /* XNUserManager.m in Sources */,
				049621E11C9D59EF0063AAAA /* XNPopViewController.m in Sources */,
				045716131CB66BAD0030E924 /* XNTableViewCell.m in Sources */,
				040439D41C9EE7EE002137D7 /* XNLocationController.m in Sources */,
				049D8E7A1CBA4921001D1C67 /* XNAboutViewController.m in Sources */,
				044218701C93C20C008B1F50 /* XNCoverView.m in Sources */,
				04529A1D1C8D9C400081CF4E /* AppDelegate.m in Sources */,
				04529A1A1C8D9C400081CF4E /* main.m in Sources */,
				04A759481CABC1840051D223 /* UIButton+Extension.m in Sources */,
				0438ABCE1CBA311F00D888F2 /* XNUserInfoModel.m in Sources */,
				04529A4E1C8D9D3B0081CF4E /* XNMainTabBarViewController.m in Sources */,
				049D8E881CBA5443001D1C67 /* XNComposeController.m in Sources */,
				049D8E821CBA5084001D1C67 /* XNHelpViewController.m in Sources */,
				047D32931C94186E00CEEFC6 /* XNWeatherView.m in Sources */,
				049D8E7D1CBA4945001D1C67 /* XNAboutHeader.m in Sources */,
				04D1A7631CB96576001743E6 /* XNMineViewController.m in Sources */,
				04D463661CAB84FB00C95E01 /* XNBlurEffectMenu.m in Sources */,
				0473B5DB1C9C4350009DB447 /* XNShakeViewController.m in Sources */,
			);
			runOnlyForDeploymentPostprocessing = 0;
		};
/* End PBXSourcesBuildPhase section */

/* Begin XCBuildConfiguration section */
		04529A2A1C8D9C400081CF4E /* Debug */ = {
			isa = XCBuildConfiguration;
			buildSettings = {
				ALWAYS_SEARCH_USER_PATHS = NO;
				CLANG_CXX_LANGUAGE_STANDARD = "gnu++0x";
				CLANG_CXX_LIBRARY = "libc++";
				CLANG_ENABLE_MODULES = YES;
				CLANG_ENABLE_OBJC_ARC = YES;
				CLANG_WARN_BOOL_CONVERSION = YES;
				CLANG_WARN_CONSTANT_CONVERSION = YES;
				CLANG_WARN_DIRECT_OBJC_ISA_USAGE = YES_ERROR;
				CLANG_WARN_EMPTY_BODY = YES;
				CLANG_WARN_ENUM_CONVERSION = YES;
				CLANG_WARN_INT_CONVERSION = YES;
				CLANG_WARN_OBJC_ROOT_CLASS = YES_ERROR;
				CLANG_WARN_UNREACHABLE_CODE = YES;
				CLANG_WARN__DUPLICATE_METHOD_MATCH = YES;
				"CODE_SIGN_IDENTITY[sdk=iphoneos*]" = "iPhone Developer";
				COPY_PHASE_STRIP = NO;
				DEBUG_INFORMATION_FORMAT = dwarf;
				ENABLE_STRICT_OBJC_MSGSEND = YES;
				ENABLE_TESTABILITY = YES;
				GCC_C_LANGUAGE_STANDARD = gnu99;
				GCC_DYNAMIC_NO_PIC = NO;
				GCC_NO_COMMON_BLOCKS = YES;
				GCC_OPTIMIZATION_LEVEL = 0;
				GCC_PREPROCESSOR_DEFINITIONS = (
					"DEBUG=1",
					"$(inherited)",
				);
				GCC_WARN_64_TO_32_BIT_CONVERSION = YES;
				GCC_WARN_ABOUT_RETURN_TYPE = YES_ERROR;
				GCC_WARN_UNDECLARED_SELECTOR = YES;
				GCC_WARN_UNINITIALIZED_AUTOS = YES_AGGRESSIVE;
				GCC_WARN_UNUSED_FUNCTION = YES;
				GCC_WARN_UNUSED_VARIABLE = YES;
				IPHONEOS_DEPLOYMENT_TARGET = 9.2;
				MTL_ENABLE_DEBUG_INFO = YES;
				ONLY_ACTIVE_ARCH = YES;
				SDKROOT = iphoneos;
			};
			name = Debug;
		};
		04529A2B1C8D9C400081CF4E /* Release */ = {
			isa = XCBuildConfiguration;
			buildSettings = {
				ALWAYS_SEARCH_USER_PATHS = NO;
				CLANG_CXX_LANGUAGE_STANDARD = "gnu++0x";
				CLANG_CXX_LIBRARY = "libc++";
				CLANG_ENABLE_MODULES = YES;
				CLANG_ENABLE_OBJC_ARC = YES;
				CLANG_WARN_BOOL_CONVERSION = YES;
				CLANG_WARN_CONSTANT_CONVERSION = YES;
				CLANG_WARN_DIRECT_OBJC_ISA_USAGE = YES_ERROR;
				CLANG_WARN_EMPTY_BODY = YES;
				CLANG_WARN_ENUM_CONVERSION = YES;
				CLANG_WARN_INT_CONVERSION = YES;
				CLANG_WARN_OBJC_ROOT_CLASS = YES_ERROR;
				CLANG_WARN_UNREACHABLE_CODE = YES;
				CLANG_WARN__DUPLICATE_METHOD_MATCH = YES;
				"CODE_SIGN_IDENTITY[sdk=iphoneos*]" = "iPhone Developer";
				COPY_PHASE_STRIP = NO;
				DEBUG_INFORMATION_FORMAT = "dwarf-with-dsym";
				ENABLE_NS_ASSERTIONS = NO;
				ENABLE_STRICT_OBJC_MSGSEND = YES;
				GCC_C_LANGUAGE_STANDARD = gnu99;
				GCC_NO_COMMON_BLOCKS = YES;
				GCC_WARN_64_TO_32_BIT_CONVERSION = YES;
				GCC_WARN_ABOUT_RETURN_TYPE = YES_ERROR;
				GCC_WARN_UNDECLARED_SELECTOR = YES;
				GCC_WARN_UNINITIALIZED_AUTOS = YES_AGGRESSIVE;
				GCC_WARN_UNUSED_FUNCTION = YES;
				GCC_WARN_UNUSED_VARIABLE = YES;
				IPHONEOS_DEPLOYMENT_TARGET = 9.2;
				MTL_ENABLE_DEBUG_INFO = NO;
				SDKROOT = iphoneos;
				VALIDATE_PRODUCT = YES;
			};
			name = Release;
		};
		04529A2D1C8D9C400081CF4E /* Debug */ = {
			isa = XCBuildConfiguration;
			baseConfigurationReference = 0FB5A7758DDA5DD0D4598680 /* Pods-NICHelper.debug.xcconfig */;
			buildSettings = {
				ASSETCATALOG_COMPILER_APPICON_NAME = AppIcon;
				ASSETCATALOG_COMPILER_LAUNCHIMAGE_NAME = LaunchImage;
				ENABLE_BITCODE = NO;
				INFOPLIST_FILE = NICHelper/Info.plist;
				IPHONEOS_DEPLOYMENT_TARGET = 8.4;
				LD_RUNPATH_SEARCH_PATHS = "$(inherited) @executable_path/Frameworks";
				LIBRARY_SEARCH_PATHS = (
					"$(inherited)",
					"$(PROJECT_DIR)/**",
				);
				PRODUCT_BUNDLE_IDENTIFIER = com.tsuios.hsu;
				PRODUCT_NAME = "$(TARGET_NAME)";
			};
			name = Debug;
		};
		04529A2E1C8D9C400081CF4E /* Release */ = {
			isa = XCBuildConfiguration;
			baseConfigurationReference = 3D375FE0AE9D5F211C4C51CA /* Pods-NICHelper.release.xcconfig */;
			buildSettings = {
				ASSETCATALOG_COMPILER_APPICON_NAME = AppIcon;
				ASSETCATALOG_COMPILER_LAUNCHIMAGE_NAME = LaunchImage;
				ENABLE_BITCODE = NO;
				INFOPLIST_FILE = NICHelper/Info.plist;
				IPHONEOS_DEPLOYMENT_TARGET = 8.4;
				LD_RUNPATH_SEARCH_PATHS = "$(inherited) @executable_path/Frameworks";
				LIBRARY_SEARCH_PATHS = (
					"$(inherited)",
					"$(PROJECT_DIR)/**",
				);
				PRODUCT_BUNDLE_IDENTIFIER = com.tsuios.hsu;
				PRODUCT_NAME = "$(TARGET_NAME)";
			};
			name = Release;
		};
/* End XCBuildConfiguration section */

/* Begin XCConfigurationList section */
		04529A101C8D9C400081CF4E /* Build configuration list for PBXProject "NICHelper" */ = {
			isa = XCConfigurationList;
			buildConfigurations = (
				04529A2A1C8D9C400081CF4E /* Debug */,
				04529A2B1C8D9C400081CF4E /* Release */,
			);
			defaultConfigurationIsVisible = 0;
			defaultConfigurationName = Release;
		};
		04529A2C1C8D9C400081CF4E /* Build configuration list for PBXNativeTarget "NICHelper" */ = {
			isa = XCConfigurationList;
			buildConfigurations = (
				04529A2D1C8D9C400081CF4E /* Debug */,
				04529A2E1C8D9C400081CF4E /* Release */,
			);
			defaultConfigurationIsVisible = 0;
			defaultConfigurationName = Release;
		};
/* End XCConfigurationList section */
	};
	rootObject = 04529A0D1C8D9C400081CF4E /* Project object */;
}
